// !$*UTF8*$!
{
	archiveVersion = 1;
	classes = {
	};
	objectVersion = 50;
	objects = {

/* Begin PBXBuildFile section */
		A02CCFCE220C3E22002E9053 /* AppDelegate.m in Sources */ = {isa = PBXBuildFile; fileRef = A02CCFCD220C3E22002E9053 /* AppDelegate.m */; };
		A02CCFD1220C3E22002E9053 /* ViewController.m in Sources */ = {isa = PBXBuildFile; fileRef = A02CCFD0220C3E22002E9053 /* ViewController.m */; };
		A02CCFD4220C3E22002E9053 /* Main.storyboard in Resources */ = {isa = PBXBuildFile; fileRef = A02CCFD2220C3E22002E9053 /* Main.storyboard */; };
		A02CCFD6220C3E25002E9053 /* Assets.xcassets in Resources */ = {isa = PBXBuildFile; fileRef = A02CCFD5220C3E25002E9053 /* Assets.xcassets */; };
		A02CCFD9220C3E25002E9053 /* LaunchScreen.storyboard in Resources */ = {isa = PBXBuildFile; fileRef = A02CCFD7220C3E25002E9053 /* LaunchScreen.storyboard */; };
		A02CCFDC220C3E25002E9053 /* main.m in Sources */ = {isa = PBXBuildFile; fileRef = A02CCFDB220C3E25002E9053 /* main.m */; };
/* End PBXBuildFile section */

/* Begin PBXFileReference section */
		A02CCFC9220C3E22002E9053 /* NSUserDefaults.app */ = {isa = PBXFileReference; explicitFileType = wrapper.application; includeInIndex = 0; path = NSUserDefaults.app; sourceTree = BUILT_PRODUCTS_DIR; };
		A02CCFCC220C3E22002E9053 /* AppDelegate.h */ = {isa = PBXFileReference; lastKnownFileType = sourcecode.c.h; path = AppDelegate.h; sourceTree = "<group>"; };
		A02CCFCD220C3E22002E9053 /* AppDelegate.m */ = {isa = PBXFileReference; lastKnownFileType = sourcecode.c.objc; path = AppDelegate.m; sourceTree = "<group>"; };
		A02CCFCF220C3E22002E9053 /* ViewController.h */ = {isa = PBXFileReference; lastKnownFileType = sourcecode.c.h; path = ViewController.h; sourceTree = "<group>"; };
		A02CCFD0220C3E22002E9053 /* ViewController.m */ = {isa = PBXFileReference; lastKnownFileType = sourcecode.c.objc; path = ViewController.m; sourceTree = "<group>"; };
		A02CCFD3220C3E22002E9053 /* Base */ = {isa = PBXFileReference; lastKnownFileType = file.storyboard; name = Base; path = Base.lproj/Main.storyboard; sourceTree = "<group>"; };
		A02CCFD5220C3E25002E9053 /* Assets.xcassets */ = {isa = PBXFileReference; lastKnownFileType = folder.assetcatalog; path = Assets.xcassets; sourceTree = "<group>"; };
		A02CCFD8220C3E25002E9053 /* Base */ = {isa = PBXFileReference; lastKnownFileType = file.storyboard; name = Base; path = Base.lproj/LaunchScreen.storyboard; sourceTree = "<group>"; };
		A02CCFDA220C3E25002E9053 /* Info.plist */ = {isa = PBXFileReference; lastKnownFileType = text.plist.xml; path = Info.plist; sourceTree = "<group>"; };
		A02CCFDB220C3E25002E9053 /* main.m */ = {isa = PBXFileReference; lastKnownFileType = sourcecode.c.objc; path = main.m; sourceTree = "<group>"; };
/* End PBXFileReference section */

/* Begin PBXFrameworksBuildPhase section */
		A02CCFC6220C3E22002E9053 /* Frameworks */ = {
			isa = PBXFrameworksBuildPhase;
			buildActionMask = 2147483647;
			files = (
			);
			runOnlyForDeploymentPostprocessing = 0;
		};
/* End PBXFrameworksBuildPhase section */

/* Begin PBXGroup section */
		A02CCFC0220C3E22002E9053 = {
			isa = PBXGroup;
			children = (
				A02CCFCB220C3E22002E9053 /* NSUserDefaults */,
				A02CCFCA220C3E22002E9053 /* Products */,
			);
			sourceTree = "<group>";
		};
		A02CCFCA220C3E22002E9053 /* Products */ = {
			isa = PBXGroup;
			children = (
				A02CCFC9220C3E22002E9053 /* NSUserDefaults.app */,
			);
			name = Products;
			sourceTree = "<group>";
		};
		A02CCFCB220C3E22002E9053 /* NSUserDefaults */ = {
			isa = PBXGroup;
			children = (
				A02CCFCC220C3E22002E9053 /* AppDelegate.h */,
				A02CCFCD220C3E22002E9053 /* AppDelegate.m */,
				A02CCFCF220C3E22002E9053 /* ViewController.h */,
				A02CCFD0220C3E22002E9053 /* ViewController.m */,
				A02CCFD2220C3E22002E9053 /* Main.storyboard */,
				A02CCFD5220C3E25002E9053 /* Assets.xcassets */,
				A02CCFD7220C3E25002E9053 /* LaunchScreen.storyboard */,
				A02CCFDA220C3E25002E9053 /* Info.plist */,
				A02CCFDB220C3E25002E9053 /* main.m */,
			);
			path = NSUserDefaults;
			sourceTree = "<group>";
		};
/* End PBXGroup section */

/* Begin PBXNativeTarget section */
		A02CCFC8220C3E22002E9053 /* NSUserDefaults */ = {
			isa = PBXNativeTarget;
			buildConfigurationList = A02CCFDF220C3E25002E9053 /* Build configuration list for PBXNativeTarget "NSUserDefaults" */;
			buildPhases = (
				A02CCFC5220C3E22002E9053 /* Sources */,
				A02CCFC6220C3E22002E9053 /* Frameworks */,
				A02CCFC7220C3E22002E9053 /* Resources */,
			);
			buildRules = (
			);
			dependencies = (
			);
			name = NSUserDefaults;
			productName = NSUserDefaults;
			productReference = A02CCFC9220C3E22002E9053 /* NSUserDefaults.app */;
			productType = "com.apple.product-type.application";
		};
/* End PBXNativeTarget section */

/* Begin PBXProject section */
		A02CCFC1220C3E22002E9053 /* Project object */ = {
			isa = PBXProject;
			attributes = {
				LastUpgradeCheck = 1000;
				ORGANIZATIONNAME = "赵超";
				TargetAttributes = {
					A02CCFC8220C3E22002E9053 = {
						CreatedOnToolsVersion = 10.0;
					};
				};
			};
			buildConfigurationList = A02CCFC4220C3E22002E9053 /* Build configuration list for PBXProject "NSUserDefaults" */;
			compatibilityVersion = "Xcode 9.3";
			developmentRegion = en;
			hasScannedForEncodings = 0;
			knownRegions = (
				en,
				Base,
			);
			mainGroup = A02CCFC0220C3E22002E9053;
			productRefGroup = A02CCFCA220C3E22002E9053 /* Products */;
			projectDirPath = "";
			projectRoot = "";
			targets = (
				A02CCFC8220C3E22002E9053 /* NSUserDefaults */,
			);
		};
/* End PBXProject section */

/* Begin PBXResourcesBuildPhase section */
		A02CCFC7220C3E22002E9053 /* Resources */ = {
			isa = PBXResourcesBuildPhase;
			buildActionMask = 2147483647;
			files = (
				A02CCFD9220C3E25002E9053 /* LaunchScreen.storyboard in Resources */,
				A02CCFD6220C3E25002E9053 /* Assets.xcassets in Resources */,
				A02CCFD4220C3E22002E9053 /* Main.storyboard in Resources */,
			);
			runOnlyForDeploymentPostprocessing = 0;
		};
/* End PBXResourcesBuildPhase section */

/* Begin PBXSourcesBuildPhase section */
		A02CCFC5220C3E22002E9053 /* Sources */ = {
			isa = PBXSourcesBuildPhase;
			buildActionMask = 2147483647;
			files = (
				A02CCFD1220C3E22002E9053 /* ViewController.m in Sources */,
				A02CCFDC220C3E25002E9053 /* main.m in Sources */,
				A02CCFCE220C3E22002E9053 /* AppDelegate.m in Sources */,
			);
			runOnlyForDeploymentPostprocessing = 0;
		};
/* End PBXSourcesBuildPhase section */

/* Begin PBXVariantGroup section */
		A02CCFD2220C3E22002E9053 /* Main.storyboard */ = {
			isa = PBXVariantGroup;
			children = (
				A02CCFD3220C3E22002E9053 /* Base */,
			);
			name = Main.storyboard;
			sourceTree = "<group>";
		};
		A02CCFD7220C3E25002E9053 /* LaunchScreen.storyboard */ = {
			isa = PBXVariantGroup;
			children = (
				A02CCFD8220C3E25002E9053 /* Base */,
			);
			name = LaunchScreen.storyboard;
			sourceTree = "<group>";
		};
/* End PBXVariantGroup section */

/* Begin XCBuildConfiguration section */
		A02CCFDD220C3E25002E9053 /* Debug */ = {
			isa = XCBuildConfiguration;
			buildSettings = {
				ALWAYS_SEARCH_USER_PATHS = NO;
				CLANG_ANALYZER_NONNULL = YES;
				CLANG_ANALYZER_NUMBER_OBJECT_CONVERSION = YES_AGGRESSIVE;
				CLANG_CXX_LANGUAGE_STANDARD = "gnu++14";
				CLANG_CXX_LIBRARY = "libc++";
				CLANG_ENABLE_MODULES = YES;
				CLANG_ENABLE_OBJC_ARC = YES;
				CLANG_ENABLE_OBJC_WEAK = YES;
				CLANG_WARN_BLOCK_CAPTURE_AUTORELEASING = YES;
				CLANG_WARN_BOOL_CONVERSION = YES;
				CLANG_WARN_COMMA = YES;
				CLANG_WARN_CONSTANT_CONVERSION = YES;
				CLANG_WARN_DEPRECATED_OBJC_IMPLEMENTATIONS = YES;
				CLANG_WARN_DIRECT_OBJC_ISA_USAGE = YES_ERROR;
				CLANG_WARN_DOCUMENTATION_COMMENTS = YES;
				CLANG_WARN_EMPTY_BODY = YES;
				CLANG_WARN_ENUM_CONVERSION = YES;
				CLANG_WARN_INFINITE_RECURSION = YES;
				CLANG_WARN_INT_CONVERSION = YES;
				CLANG_WARN_NON_LITERAL_NULL_CONVERSION = YES;
				CLANG_WARN_OBJC_IMPLICIT_RETAIN_SELF = YES;
				CLANG_WARN_OBJC_LITERAL_CONVERSION = YES;
				CLANG_WARN_OBJC_ROOT_CLASS = YES_ERROR;
				CLANG_WARN_RANGE_LOOP_ANALYSIS = YES;
				CLANG_WARN_STRICT_PROTOTYPES = YES;
				CLANG_WARN_SUSPICIOUS_MOVE = YES;
				CLANG_WARN_UNGUARDED_AVAILABILITY = YES_AGGRESSIVE;
				CLANG_WARN_UNREACHABLE_CODE = YES;
				CLANG_WARN__DUPLICATE_METHOD_MATCH = YES;
				CODE_SIGN_IDENTITY = "iPhone Developer";
				COPY_PHASE_STRIP = NO;
				DEBUG_INFORMATION_FORMAT = dwarf;
				ENABLE_STRICT_OBJC_MSGSEND = YES;
				ENABLE_TESTABILITY = YES;
				GCC_C_LANGUAGE_STANDARD = gnu11;
				GCC_DYNAMIC_NO_PIC = NO;
				GCC_NO_COMMON_BLOCKS = YES;
				GCC_OPTIMIZATION_LEVEL = 0;
				GCC_PREPROCESSOR_DEFINITIONS = (
					"DEBUG=1",
					"$(inherited)",
				);
				GCC_WARN_64_TO_32_BIT_CONVERSION = YES;
				GCC_WARN_ABOUT_RETURN_TYPE = YES_ERROR;
				GCC_WARN_UNDECLARED_SELECTOR = YES;
				GCC_WARN_UNINITIALIZED_AUTOS = YES_AGGRESSIVE;
				GCC_WARN_UNUSED_FUNCTION = YES;
				GCC_WARN_UNUSED_VARIABLE = YES;
				IPHONEOS_DEPLOYMENT_TARGET = 12.0;
				MTL_ENABLE_DEBUG_INFO = INCLUDE_SOURCE;
				MTL_FAST_MATH = YES;
				ONLY_ACTIVE_ARCH = YES;
				SDKROOT = iphoneos;
			};
			name = Debug;
		};
		A02CCFDE220C3E25002E9053 /* Release */ = {
			isa = XCBuildConfiguration;
			buildSettings = {
				ALWAYS_SEARCH_USER_PATHS = NO;
				CLANG_ANALYZER_NONNULL = YES;
				CLANG_ANALYZER_NUMBER_OBJECT_CONVERSION = YES_AGGRESSIVE;
				CLANG_CXX_LANGUAGE_STANDARD = "gnu++14";
				CLANG_CXX_LIBRARY = "libc++";
				CLANG_ENABLE_MODULES = YES;
				CLANG_ENABLE_OBJC_ARC = YES;
				CLANG_ENABLE_OBJC_WEAK = YES;
				CLANG_WARN_BLOCK_CAPTURE_AUTORELEASING = YES;
				CLANG_WARN_BOOL_CONVERSION = YES;
				CLANG_WARN_COMMA = YES;
				CLANG_WARN_CONSTANT_CONVERSION = YES;
				CLANG_WARN_DEPRECATED_OBJC_IMPLEMENTATIONS = YES;
				CLANG_WARN_DIRECT_OBJC_ISA_USAGE = YES_ERROR;
				CLANG_WARN_DOCUMENTATION_COMMENTS = YES;
				CLANG_WARN_EMPTY_BODY = YES;
				CLANG_WARN_ENUM_CONVERSION = YES;
				CLANG_WARN_INFINITE_RECURSION = YES;
				CLANG_WARN_INT_CONVERSION = YES;
				CLANG_WARN_NON_LITERAL_NULL_CONVERSION = YES;
				CLANG_WARN_OBJC_IMPLICIT_RETAIN_SELF = YES;
				CLANG_WARN_OBJC_LITERAL_CONVERSION = YES;
				CLANG_WARN_OBJC_ROOT_CLASS = YES_ERROR;
				CLANG_WARN_RANGE_LOOP_ANALYSIS = YES;
				CLANG_WARN_STRICT_PROTOTYPES = YES;
				CLANG_WARN_SUSPICIOUS_MOVE = YES;
				CLANG_WARN_UNGUARDED_AVAILABILITY = YES_AGGRESSIVE;
				CLANG_WARN_UNREACHABLE_CODE = YES;
				CLANG_WARN__DUPLICATE_METHOD_MATCH = YES;
				CODE_SIGN_IDENTITY = "iPhone Developer";
				COPY_PHASE_STRIP = NO;
				DEBUG_INFORMATION_FORMAT = "dwarf-with-dsym";
				ENABLE_NS_ASSERTIONS = NO;
				ENABLE_STRICT_OBJC_MSGSEND = YES;
				GCC_C_LANGUAGE_STANDARD = gnu11;
				GCC_NO_COMMON_BLOCKS = YES;
				GCC_WARN_64_TO_32_BIT_CONVERSION = YES;
				GCC_WARN_ABOUT_RETURN_TYPE = YES_ERROR;
				GCC_WARN_UNDECLARED_SELECTOR = YES;
				GCC_WARN_UNINITIALIZED_AUTOS = YES_AGGRESSIVE;
				GCC_WARN_UNUSED_FUNCTION = YES;
				GCC_WARN_UNUSED_VARIABLE = YES;
				IPHONEOS_DEPLOYMENT_TARGET = 12.0;
				MTL_ENABLE_DEBUG_INFO = NO;
				MTL_FAST_MATH = YES;
				SDKROOT = iphoneos;
				VALIDATE_PRODUCT = YES;
			};
			name = Release;
		};
		A02CCFE0220C3E25002E9053 /* Debug */ = {
			isa = XCBuildConfiguration;
			buildSettings = {
				ASSETCATALOG_COMPILER_APPICON_NAME = AppIcon;
				CODE_SIGN_STYLE = Automatic;
				INFOPLIST_FILE = NSUserDefaults/Info.plist;
				LD_RUNPATH_SEARCH_PATHS = (
					"$(inherited)",
					"@executable_path/Frameworks",
				);
				PRODUCT_BUNDLE_IDENTIFIER = netease.NSUserDefaults;
				PRODUCT_NAME = "$(TARGET_NAME)";
				TARGETED_DEVICE_FAMILY = "1,2";
			};
			name = Debug;
		};
		A02CCFE1220C3E25002E9053 /* Release */ = {
			isa = XCBuildConfiguration;
			buildSettings = {
				ASSETCATALOG_COMPILER_APPICON_NAME = AppIcon;
				CODE_SIGN_STYLE = Automatic;
				INFOPLIST_FILE = NSUserDefaults/Info.plist;
				LD_RUNPATH_SEARCH_PATHS = (
					"$(inherited)",
					"@executable_path/Frameworks",
				);
				PRODUCT_BUNDLE_IDENTIFIER = netease.NSUserDefaults;
				PRODUCT_NAME = "$(TARGET_NAME)";
				TARGETED_DEVICE_FAMILY = "1,2";
			};
			name = Release;
		};
/* End XCBuildConfiguration section */

/* Begin XCConfigurationList section */
		A02CCFC4220C3E22002E9053 /* Build configuration list for PBXProject "NSUserDefaults" */ = {
			isa = XCConfigurationList;
			buildConfigurations = (
				A02CCFDD220C3E25002E9053 /* Debug */,
				A02CCFDE220C3E25002E9053 /* Release */,
			);
			defaultConfigurationIsVisible = 0;
			defaultConfigurationName = Release;
		};
		A02CCFDF220C3E25002E9053 /* Build configuration list for PBXNativeTarget "NSUserDefaults" */ = {
			isa = XCConfigurationList;
			buildConfigurations = (
				A02CCFE0220C3E25002E9053 /* Debug */,
				A02CCFE1220C3E25002E9053 /* Release */,
			);
			defaultConfigurationIsVisible = 0;
			defaultConfigurationName = Release;
		};
/* End XCConfigurationList section */
	};
	rootObject = A02CCFC1220C3E22002E9053 /* Project object */;
}
