// !$*UTF8*$!
{
	archiveVersion = 1;
	classes = {
	};
	objectVersion = 50;
	objects = {

/* Begin PBXBuildFile section */
		A02B50A222158F29007CD616 /* AppDelegate.m in Sources */ = {isa = PBXBuildFile; fileRef = A02B50A122158F29007CD616 /* AppDelegate.m */; };
		A02B50A522158F29007CD616 /* ViewController.m in Sources */ = {isa = PBXBuildFile; fileRef = A02B50A422158F29007CD616 /* ViewController.m */; };
		A02B50A822158F29007CD616 /* Main.storyboard in Resources */ = {isa = PBXBuildFile; fileRef = A02B50A622158F29007CD616 /* Main.storyboard */; };
		A02B50AA22158F2E007CD616 /* Assets.xcassets in Resources */ = {isa = PBXBuildFile; fileRef = A02B50A922158F2E007CD616 /* Assets.xcassets */; };
		A02B50AD22158F2E007CD616 /* LaunchScreen.storyboard in Resources */ = {isa = PBXBuildFile; fileRef = A02B50AB22158F2E007CD616 /* LaunchScreen.storyboard */; };
		A02B50B022158F2E007CD616 /* main.m in Sources */ = {isa = PBXBuildFile; fileRef = A02B50AF22158F2E007CD616 /* main.m */; };
		A02B50CC22159770007CD616 /* main.m in Sources */ = {isa = PBXBuildFile; fileRef = A02B50CB2215976F007CD616 /* main.m */; };
/* End PBXBuildFile section */

/* Begin PBXFileReference section */
		A02B509D22158F29007CD616 /* 队列NSOperation.app */ = {isa = PBXFileReference; explicitFileType = wrapper.application; includeInIndex = 0; path = "队列NSOperation.app"; sourceTree = BUILT_PRODUCTS_DIR; };
		A02B50A022158F29007CD616 /* AppDelegate.h */ = {isa = PBXFileReference; lastKnownFileType = sourcecode.c.h; path = AppDelegate.h; sourceTree = "<group>"; };
		A02B50A122158F29007CD616 /* AppDelegate.m */ = {isa = PBXFileReference; lastKnownFileType = sourcecode.c.objc; path = AppDelegate.m; sourceTree = "<group>"; };
		A02B50A322158F29007CD616 /* ViewController.h */ = {isa = PBXFileReference; lastKnownFileType = sourcecode.c.h; path = ViewController.h; sourceTree = "<group>"; };
		A02B50A422158F29007CD616 /* ViewController.m */ = {isa = PBXFileReference; lastKnownFileType = sourcecode.c.objc; path = ViewController.m; sourceTree = "<group>"; };
		A02B50A722158F29007CD616 /* Base */ = {isa = PBXFileReference; lastKnownFileType = file.storyboard; name = Base; path = Base.lproj/Main.storyboard; sourceTree = "<group>"; };
		A02B50A922158F2E007CD616 /* Assets.xcassets */ = {isa = PBXFileReference; lastKnownFileType = folder.assetcatalog; path = Assets.xcassets; sourceTree = "<group>"; };
		A02B50AC22158F2E007CD616 /* Base */ = {isa = PBXFileReference; lastKnownFileType = file.storyboard; name = Base; path = Base.lproj/LaunchScreen.storyboard; sourceTree = "<group>"; };
		A02B50AE22158F2E007CD616 /* Info.plist */ = {isa = PBXFileReference; lastKnownFileType = text.plist.xml; path = Info.plist; sourceTree = "<group>"; };
		A02B50AF22158F2E007CD616 /* main.m */ = {isa = PBXFileReference; lastKnownFileType = sourcecode.c.objc; path = main.m; sourceTree = "<group>"; };
		A02B50CB2215976F007CD616 /* main.m */ = {isa = PBXFileReference; fileEncoding = 4; lastKnownFileType = sourcecode.c.objc; path = main.m; sourceTree = "<group>"; };
/* End PBXFileReference section */

/* Begin PBXFrameworksBuildPhase section */
		A02B509A22158F29007CD616 /* Frameworks */ = {
			isa = PBXFrameworksBuildPhase;
			buildActionMask = 2147483647;
			files = (
			);
			runOnlyForDeploymentPostprocessing = 0;
		};
/* End PBXFrameworksBuildPhase section */

/* Begin PBXGroup section */
		A02B509422158F29007CD616 = {
			isa = PBXGroup;
			children = (
				A02B509F22158F29007CD616 /* 队列NSOperation */,
				A02B509E22158F29007CD616 /* Products */,
			);
			sourceTree = "<group>";
		};
		A02B509E22158F29007CD616 /* Products */ = {
			isa = PBXGroup;
			children = (
				A02B509D22158F29007CD616 /* 队列NSOperation.app */,
			);
			name = Products;
			sourceTree = "<group>";
		};
		A02B509F22158F29007CD616 /* 队列NSOperation */ = {
			isa = PBXGroup;
			children = (
				A02B50A022158F29007CD616 /* AppDelegate.h */,
				A02B50A122158F29007CD616 /* AppDelegate.m */,
				A02B50A322158F29007CD616 /* ViewController.h */,
				A02B50A422158F29007CD616 /* ViewController.m */,
				A02B50A622158F29007CD616 /* Main.storyboard */,
				A02B50A922158F2E007CD616 /* Assets.xcassets */,
				A02B50AB22158F2E007CD616 /* LaunchScreen.storyboard */,
				A02B50CB2215976F007CD616 /* main.m */,
				A02B50AE22158F2E007CD616 /* Info.plist */,
				A02B50AF22158F2E007CD616 /* main.m */,
			);
			path = "队列NSOperation";
			sourceTree = "<group>";
		};
/* End PBXGroup section */

/* Begin PBXNativeTarget section */
		A02B509C22158F29007CD616 /* 队列NSOperation */ = {
			isa = PBXNativeTarget;
			buildConfigurationList = A02B50B322158F2E007CD616 /* Build configuration list for PBXNativeTarget "队列NSOperation" */;
			buildPhases = (
				A02B509922158F29007CD616 /* Sources */,
				A02B509A22158F29007CD616 /* Frameworks */,
				A02B509B22158F29007CD616 /* Resources */,
			);
			buildRules = (
			);
			dependencies = (
			);
			name = "队列NSOperation";
			productName = "多任务NSOperation";
			productReference = A02B509D22158F29007CD616 /* 队列NSOperation.app */;
			productType = "com.apple.product-type.application";
		};
/* End PBXNativeTarget section */

/* Begin PBXProject section */
		A02B509522158F29007CD616 /* Project object */ = {
			isa = PBXProject;
			attributes = {
				LastUpgradeCheck = 1010;
				ORGANIZATIONNAME = "赵超";
				TargetAttributes = {
					A02B509C22158F29007CD616 = {
						CreatedOnToolsVersion = 10.1;
					};
				};
			};
			buildConfigurationList = A02B509822158F29007CD616 /* Build configuration list for PBXProject "队列NSOperation" */;
			compatibilityVersion = "Xcode 9.3";
			developmentRegion = en;
			hasScannedForEncodings = 0;
			knownRegions = (
				en,
				Base,
			);
			mainGroup = A02B509422158F29007CD616;
			productRefGroup = A02B509E22158F29007CD616 /* Products */;
			projectDirPath = "";
			projectRoot = "";
			targets = (
				A02B509C22158F29007CD616 /* 队列NSOperation */,
			);
		};
/* End PBXProject section */

/* Begin PBXResourcesBuildPhase section */
		A02B509B22158F29007CD616 /* Resources */ = {
			isa = PBXResourcesBuildPhase;
			buildActionMask = 2147483647;
			files = (
				A02B50AD22158F2E007CD616 /* LaunchScreen.storyboard in Resources */,
				A02B50AA22158F2E007CD616 /* Assets.xcassets in Resources */,
				A02B50A822158F29007CD616 /* Main.storyboard in Resources */,
			);
			runOnlyForDeploymentPostprocessing = 0;
		};
/* End PBXResourcesBuildPhase section */

/* Begin PBXSourcesBuildPhase section */
		A02B509922158F29007CD616 /* Sources */ = {
			isa = PBXSourcesBuildPhase;
			buildActionMask = 2147483647;
			files = (
				A02B50A522158F29007CD616 /* ViewController.m in Sources */,
				A02B50B022158F2E007CD616 /* main.m in Sources */,
				A02B50CC22159770007CD616 /* main.m in Sources */,
				A02B50A222158F29007CD616 /* AppDelegate.m in Sources */,
			);
			runOnlyForDeploymentPostprocessing = 0;
		};
/* End PBXSourcesBuildPhase section */

/* Begin PBXVariantGroup section */
		A02B50A622158F29007CD616 /* Main.storyboard */ = {
			isa = PBXVariantGroup;
			children = (
				A02B50A722158F29007CD616 /* Base */,
			);
			name = Main.storyboard;
			sourceTree = "<group>";
		};
		A02B50AB22158F2E007CD616 /* LaunchScreen.storyboard */ = {
			isa = PBXVariantGroup;
			children = (
				A02B50AC22158F2E007CD616 /* Base */,
			);
			name = LaunchScreen.storyboard;
			sourceTree = "<group>";
		};
/* End PBXVariantGroup section */

/* Begin XCBuildConfiguration section */
		A02B50B122158F2E007CD616 /* Debug */ = {
			isa = XCBuildConfiguration;
			buildSettings = {
				ALWAYS_SEARCH_USER_PATHS = NO;
				CLANG_ANALYZER_NONNULL = YES;
				CLANG_ANALYZER_NUMBER_OBJECT_CONVERSION = YES_AGGRESSIVE;
				CLANG_CXX_LANGUAGE_STANDARD = "gnu++14";
				CLANG_CXX_LIBRARY = "libc++";
				CLANG_ENABLE_MODULES = YES;
				CLANG_ENABLE_OBJC_ARC = YES;
				CLANG_ENABLE_OBJC_WEAK = YES;
				CLANG_WARN_BLOCK_CAPTURE_AUTORELEASING = YES;
				CLANG_WARN_BOOL_CONVERSION = YES;
				CLANG_WARN_COMMA = YES;
				CLANG_WARN_CONSTANT_CONVERSION = YES;
				CLANG_WARN_DEPRECATED_OBJC_IMPLEMENTATIONS = YES;
				CLANG_WARN_DIRECT_OBJC_ISA_USAGE = YES_ERROR;
				CLANG_WARN_DOCUMENTATION_COMMENTS = YES;
				CLANG_WARN_EMPTY_BODY = YES;
				CLANG_WARN_ENUM_CONVERSION = YES;
				CLANG_WARN_INFINITE_RECURSION = YES;
				CLANG_WARN_INT_CONVERSION = YES;
				CLANG_WARN_NON_LITERAL_NULL_CONVERSION = YES;
				CLANG_WARN_OBJC_IMPLICIT_RETAIN_SELF = YES;
				CLANG_WARN_OBJC_LITERAL_CONVERSION = YES;
				CLANG_WARN_OBJC_ROOT_CLASS = YES_ERROR;
				CLANG_WARN_RANGE_LOOP_ANALYSIS = YES;
				CLANG_WARN_STRICT_PROTOTYPES = YES;
				CLANG_WARN_SUSPICIOUS_MOVE = YES;
				CLANG_WARN_UNGUARDED_AVAILABILITY = YES_AGGRESSIVE;
				CLANG_WARN_UNREACHABLE_CODE = YES;
				CLANG_WARN__DUPLICATE_METHOD_MATCH = YES;
				CODE_SIGN_IDENTITY = "iPhone Developer";
				COPY_PHASE_STRIP = NO;
				DEBUG_INFORMATION_FORMAT = dwarf;
				ENABLE_STRICT_OBJC_MSGSEND = YES;
				ENABLE_TESTABILITY = YES;
				GCC_C_LANGUAGE_STANDARD = gnu11;
				GCC_DYNAMIC_NO_PIC = NO;
				GCC_NO_COMMON_BLOCKS = YES;
				GCC_OPTIMIZATION_LEVEL = 0;
				GCC_PREPROCESSOR_DEFINITIONS = (
					"DEBUG=1",
					"$(inherited)",
				);
				GCC_WARN_64_TO_32_BIT_CONVERSION = YES;
				GCC_WARN_ABOUT_RETURN_TYPE = YES_ERROR;
				GCC_WARN_UNDECLARED_SELECTOR = YES;
				GCC_WARN_UNINITIALIZED_AUTOS = YES_AGGRESSIVE;
				GCC_WARN_UNUSED_FUNCTION = YES;
				GCC_WARN_UNUSED_VARIABLE = YES;
				IPHONEOS_DEPLOYMENT_TARGET = 12.1;
				MTL_ENABLE_DEBUG_INFO = INCLUDE_SOURCE;
				MTL_FAST_MATH = YES;
				ONLY_ACTIVE_ARCH = YES;
				SDKROOT = iphoneos;
			};
			name = Debug;
		};
		A02B50B222158F2E007CD616 /* Release */ = {
			isa = XCBuildConfiguration;
			buildSettings = {
				ALWAYS_SEARCH_USER_PATHS = NO;
				CLANG_ANALYZER_NONNULL = YES;
				CLANG_ANALYZER_NUMBER_OBJECT_CONVERSION = YES_AGGRESSIVE;
				CLANG_CXX_LANGUAGE_STANDARD = "gnu++14";
				CLANG_CXX_LIBRARY = "libc++";
				CLANG_ENABLE_MODULES = YES;
				CLANG_ENABLE_OBJC_ARC = YES;
				CLANG_ENABLE_OBJC_WEAK = YES;
				CLANG_WARN_BLOCK_CAPTURE_AUTORELEASING = YES;
				CLANG_WARN_BOOL_CONVERSION = YES;
				CLANG_WARN_COMMA = YES;
				CLANG_WARN_CONSTANT_CONVERSION = YES;
				CLANG_WARN_DEPRECATED_OBJC_IMPLEMENTATIONS = YES;
				CLANG_WARN_DIRECT_OBJC_ISA_USAGE = YES_ERROR;
				CLANG_WARN_DOCUMENTATION_COMMENTS = YES;
				CLANG_WARN_EMPTY_BODY = YES;
				CLANG_WARN_ENUM_CONVERSION = YES;
				CLANG_WARN_INFINITE_RECURSION = YES;
				CLANG_WARN_INT_CONVERSION = YES;
				CLANG_WARN_NON_LITERAL_NULL_CONVERSION = YES;
				CLANG_WARN_OBJC_IMPLICIT_RETAIN_SELF = YES;
				CLANG_WARN_OBJC_LITERAL_CONVERSION = YES;
				CLANG_WARN_OBJC_ROOT_CLASS = YES_ERROR;
				CLANG_WARN_RANGE_LOOP_ANALYSIS = YES;
				CLANG_WARN_STRICT_PROTOTYPES = YES;
				CLANG_WARN_SUSPICIOUS_MOVE = YES;
				CLANG_WARN_UNGUARDED_AVAILABILITY = YES_AGGRESSIVE;
				CLANG_WARN_UNREACHABLE_CODE = YES;
				CLANG_WARN__DUPLICATE_METHOD_MATCH = YES;
				CODE_SIGN_IDENTITY = "iPhone Developer";
				COPY_PHASE_STRIP = NO;
				DEBUG_INFORMATION_FORMAT = "dwarf-with-dsym";
				ENABLE_NS_ASSERTIONS = NO;
				ENABLE_STRICT_OBJC_MSGSEND = YES;
				GCC_C_LANGUAGE_STANDARD = gnu11;
				GCC_NO_COMMON_BLOCKS = YES;
				GCC_WARN_64_TO_32_BIT_CONVERSION = YES;
				GCC_WARN_ABOUT_RETURN_TYPE = YES_ERROR;
				GCC_WARN_UNDECLARED_SELECTOR = YES;
				GCC_WARN_UNINITIALIZED_AUTOS = YES_AGGRESSIVE;
				GCC_WARN_UNUSED_FUNCTION = YES;
				GCC_WARN_UNUSED_VARIABLE = YES;
				IPHONEOS_DEPLOYMENT_TARGET = 12.1;
				MTL_ENABLE_DEBUG_INFO = NO;
				MTL_FAST_MATH = YES;
				SDKROOT = iphoneos;
				VALIDATE_PRODUCT = YES;
			};
			name = Release;
		};
		A02B50B422158F2E007CD616 /* Debug */ = {
			isa = XCBuildConfiguration;
			buildSettings = {
				ASSETCATALOG_COMPILER_APPICON_NAME = AppIcon;
				CODE_SIGN_STYLE = Automatic;
				DEVELOPMENT_TEAM = QLH9SK6U3Y;
				INFOPLIST_FILE = "多任务NSOperation/Info.plist";
				LD_RUNPATH_SEARCH_PATHS = (
					"$(inherited)",
					"@executable_path/Frameworks",
				);
				PRODUCT_BUNDLE_IDENTIFIER = "netease.---NSOperation";
				PRODUCT_NAME = "$(TARGET_NAME)";
				TARGETED_DEVICE_FAMILY = "1,2";
			};
			name = Debug;
		};
		A02B50B522158F2E007CD616 /* Release */ = {
			isa = XCBuildConfiguration;
			buildSettings = {
				ASSETCATALOG_COMPILER_APPICON_NAME = AppIcon;
				CODE_SIGN_STYLE = Automatic;
				DEVELOPMENT_TEAM = QLH9SK6U3Y;
				INFOPLIST_FILE = "多任务NSOperation/Info.plist";
				LD_RUNPATH_SEARCH_PATHS = (
					"$(inherited)",
					"@executable_path/Frameworks",
				);
				PRODUCT_BUNDLE_IDENTIFIER = "netease.---NSOperation";
				PRODUCT_NAME = "$(TARGET_NAME)";
				TARGETED_DEVICE_FAMILY = "1,2";
			};
			name = Release;
		};
/* End XCBuildConfiguration section */

/* Begin XCConfigurationList section */
		A02B509822158F29007CD616 /* Build configuration list for PBXProject "队列NSOperation" */ = {
			isa = XCConfigurationList;
			buildConfigurations = (
				A02B50B122158F2E007CD616 /* Debug */,
				A02B50B222158F2E007CD616 /* Release */,
			);
			defaultConfigurationIsVisible = 0;
			defaultConfigurationName = Release;
		};
		A02B50B322158F2E007CD616 /* Build configuration list for PBXNativeTarget "队列NSOperation" */ = {
			isa = XCConfigurationList;
			buildConfigurations = (
				A02B50B422158F2E007CD616 /* Debug */,
				A02B50B522158F2E007CD616 /* Release */,
			);
			defaultConfigurationIsVisible = 0;
			defaultConfigurationName = Release;
		};
/* End XCConfigurationList section */
	};
	rootObject = A02B509522158F29007CD616 /* Project object */;
}
