// !$*UTF8*$!
{
	archiveVersion = 1;
	classes = {
	};
	objectVersion = 50;
	objects = {

/* Begin PBXBuildFile section */
		A01A714C21EB5FAF00B3FCDC /* AppDelegate.m in Sources */ = {isa = PBXBuildFile; fileRef = A01A714B21EB5FAF00B3FCDC /* AppDelegate.m */; };
		A01A715221EB5FAF00B3FCDC /* Main.storyboard in Resources */ = {isa = PBXBuildFile; fileRef = A01A715021EB5FAF00B3FCDC /* Main.storyboard */; };
		A01A715421EB5FB100B3FCDC /* Assets.xcassets in Resources */ = {isa = PBXBuildFile; fileRef = A01A715321EB5FB100B3FCDC /* Assets.xcassets */; };
		A01A715721EB5FB100B3FCDC /* LaunchScreen.storyboard in Resources */ = {isa = PBXBuildFile; fileRef = A01A715521EB5FB100B3FCDC /* LaunchScreen.storyboard */; };
		A01A715A21EB5FB100B3FCDC /* main.m in Sources */ = {isa = PBXBuildFile; fileRef = A01A715921EB5FB100B3FCDC /* main.m */; };
		A01A716521EB618B00B3FCDC /* VCRoot.m in Sources */ = {isa = PBXBuildFile; fileRef = A01A716421EB618B00B3FCDC /* VCRoot.m */; };
		A01A716821EB62AA00B3FCDC /* SubView.m in Sources */ = {isa = PBXBuildFile; fileRef = A01A716721EB62AA00B3FCDC /* SubView.m */; };
		A01A716B21EB62C200B3FCDC /* MainView.m in Sources */ = {isa = PBXBuildFile; fileRef = A01A716A21EB62C200B3FCDC /* MainView.m */; };
		A01A716E21EB62DE00B3FCDC /* MyWindow.m in Sources */ = {isa = PBXBuildFile; fileRef = A01A716D21EB62DE00B3FCDC /* MyWindow.m */; };
		A01A717121EB62FD00B3FCDC /* MyApplication.m in Sources */ = {isa = PBXBuildFile; fileRef = A01A717021EB62FD00B3FCDC /* MyApplication.m */; };
/* End PBXBuildFile section */

/* Begin PBXFileReference section */
		A01A714721EB5FAF00B3FCDC /* 事件响应链.app */ = {isa = PBXFileReference; explicitFileType = wrapper.application; includeInIndex = 0; path = "事件响应链.app"; sourceTree = BUILT_PRODUCTS_DIR; };
		A01A714A21EB5FAF00B3FCDC /* AppDelegate.h */ = {isa = PBXFileReference; lastKnownFileType = sourcecode.c.h; path = AppDelegate.h; sourceTree = "<group>"; };
		A01A714B21EB5FAF00B3FCDC /* AppDelegate.m */ = {isa = PBXFileReference; lastKnownFileType = sourcecode.c.objc; path = AppDelegate.m; sourceTree = "<group>"; };
		A01A715121EB5FAF00B3FCDC /* Base */ = {isa = PBXFileReference; lastKnownFileType = file.storyboard; name = Base; path = Base.lproj/Main.storyboard; sourceTree = "<group>"; };
		A01A715321EB5FB100B3FCDC /* Assets.xcassets */ = {isa = PBXFileReference; lastKnownFileType = folder.assetcatalog; path = Assets.xcassets; sourceTree = "<group>"; };
		A01A715621EB5FB100B3FCDC /* Base */ = {isa = PBXFileReference; lastKnownFileType = file.storyboard; name = Base; path = Base.lproj/LaunchScreen.storyboard; sourceTree = "<group>"; };
		A01A715821EB5FB100B3FCDC /* Info.plist */ = {isa = PBXFileReference; lastKnownFileType = text.plist.xml; path = Info.plist; sourceTree = "<group>"; };
		A01A715921EB5FB100B3FCDC /* main.m */ = {isa = PBXFileReference; lastKnownFileType = sourcecode.c.objc; path = main.m; sourceTree = "<group>"; };
		A01A716321EB618B00B3FCDC /* VCRoot.h */ = {isa = PBXFileReference; lastKnownFileType = sourcecode.c.h; path = VCRoot.h; sourceTree = "<group>"; };
		A01A716421EB618B00B3FCDC /* VCRoot.m */ = {isa = PBXFileReference; lastKnownFileType = sourcecode.c.objc; path = VCRoot.m; sourceTree = "<group>"; };
		A01A716621EB62AA00B3FCDC /* SubView.h */ = {isa = PBXFileReference; lastKnownFileType = sourcecode.c.h; path = SubView.h; sourceTree = "<group>"; };
		A01A716721EB62AA00B3FCDC /* SubView.m */ = {isa = PBXFileReference; lastKnownFileType = sourcecode.c.objc; path = SubView.m; sourceTree = "<group>"; };
		A01A716921EB62C200B3FCDC /* MainView.h */ = {isa = PBXFileReference; lastKnownFileType = sourcecode.c.h; path = MainView.h; sourceTree = "<group>"; };
		A01A716A21EB62C200B3FCDC /* MainView.m */ = {isa = PBXFileReference; lastKnownFileType = sourcecode.c.objc; path = MainView.m; sourceTree = "<group>"; };
		A01A716C21EB62DE00B3FCDC /* MyWindow.h */ = {isa = PBXFileReference; lastKnownFileType = sourcecode.c.h; path = MyWindow.h; sourceTree = "<group>"; };
		A01A716D21EB62DE00B3FCDC /* MyWindow.m */ = {isa = PBXFileReference; lastKnownFileType = sourcecode.c.objc; path = MyWindow.m; sourceTree = "<group>"; };
		A01A716F21EB62FD00B3FCDC /* MyApplication.h */ = {isa = PBXFileReference; lastKnownFileType = sourcecode.c.h; path = MyApplication.h; sourceTree = "<group>"; };
		A01A717021EB62FD00B3FCDC /* MyApplication.m */ = {isa = PBXFileReference; lastKnownFileType = sourcecode.c.objc; path = MyApplication.m; sourceTree = "<group>"; };
/* End PBXFileReference section */

/* Begin PBXFrameworksBuildPhase section */
		A01A714421EB5FAF00B3FCDC /* Frameworks */ = {
			isa = PBXFrameworksBuildPhase;
			buildActionMask = 2147483647;
			files = (
			);
			runOnlyForDeploymentPostprocessing = 0;
		};
/* End PBXFrameworksBuildPhase section */

/* Begin PBXGroup section */
		A01A713E21EB5FAF00B3FCDC = {
			isa = PBXGroup;
			children = (
				A01A714921EB5FAF00B3FCDC /* 事件响应链 */,
				A01A714821EB5FAF00B3FCDC /* Products */,
			);
			sourceTree = "<group>";
		};
		A01A714821EB5FAF00B3FCDC /* Products */ = {
			isa = PBXGroup;
			children = (
				A01A714721EB5FAF00B3FCDC /* 事件响应链.app */,
			);
			name = Products;
			sourceTree = "<group>";
		};
		A01A714921EB5FAF00B3FCDC /* 事件响应链 */ = {
			isa = PBXGroup;
			children = (
				A01A714A21EB5FAF00B3FCDC /* AppDelegate.h */,
				A01A714B21EB5FAF00B3FCDC /* AppDelegate.m */,
				A01A715021EB5FAF00B3FCDC /* Main.storyboard */,
				A01A715321EB5FB100B3FCDC /* Assets.xcassets */,
				A01A715521EB5FB100B3FCDC /* LaunchScreen.storyboard */,
				A01A715821EB5FB100B3FCDC /* Info.plist */,
				A01A715921EB5FB100B3FCDC /* main.m */,
				A01A716321EB618B00B3FCDC /* VCRoot.h */,
				A01A716421EB618B00B3FCDC /* VCRoot.m */,
				A01A716621EB62AA00B3FCDC /* SubView.h */,
				A01A716721EB62AA00B3FCDC /* SubView.m */,
				A01A716921EB62C200B3FCDC /* MainView.h */,
				A01A716A21EB62C200B3FCDC /* MainView.m */,
				A01A716C21EB62DE00B3FCDC /* MyWindow.h */,
				A01A716D21EB62DE00B3FCDC /* MyWindow.m */,
				A01A716F21EB62FD00B3FCDC /* MyApplication.h */,
				A01A717021EB62FD00B3FCDC /* MyApplication.m */,
			);
			path = "事件响应链";
			sourceTree = "<group>";
		};
/* End PBXGroup section */

/* Begin PBXNativeTarget section */
		A01A714621EB5FAF00B3FCDC /* 事件响应链 */ = {
			isa = PBXNativeTarget;
			buildConfigurationList = A01A715D21EB5FB100B3FCDC /* Build configuration list for PBXNativeTarget "事件响应链" */;
			buildPhases = (
				A01A714321EB5FAF00B3FCDC /* Sources */,
				A01A714421EB5FAF00B3FCDC /* Frameworks */,
				A01A714521EB5FAF00B3FCDC /* Resources */,
			);
			buildRules = (
			);
			dependencies = (
			);
			name = "事件响应链";
			productName = "事件响应链";
			productReference = A01A714721EB5FAF00B3FCDC /* 事件响应链.app */;
			productType = "com.apple.product-type.application";
		};
/* End PBXNativeTarget section */

/* Begin PBXProject section */
		A01A713F21EB5FAF00B3FCDC /* Project object */ = {
			isa = PBXProject;
			attributes = {
				LastUpgradeCheck = 1000;
				ORGANIZATIONNAME = "赵超";
				TargetAttributes = {
					A01A714621EB5FAF00B3FCDC = {
						CreatedOnToolsVersion = 10.0;
					};
				};
			};
			buildConfigurationList = A01A714221EB5FAF00B3FCDC /* Build configuration list for PBXProject "事件响应链" */;
			compatibilityVersion = "Xcode 9.3";
			developmentRegion = en;
			hasScannedForEncodings = 0;
			knownRegions = (
				en,
				Base,
			);
			mainGroup = A01A713E21EB5FAF00B3FCDC;
			productRefGroup = A01A714821EB5FAF00B3FCDC /* Products */;
			projectDirPath = "";
			projectRoot = "";
			targets = (
				A01A714621EB5FAF00B3FCDC /* 事件响应链 */,
			);
		};
/* End PBXProject section */

/* Begin PBXResourcesBuildPhase section */
		A01A714521EB5FAF00B3FCDC /* Resources */ = {
			isa = PBXResourcesBuildPhase;
			buildActionMask = 2147483647;
			files = (
				A01A715721EB5FB100B3FCDC /* LaunchScreen.storyboard in Resources */,
				A01A715421EB5FB100B3FCDC /* Assets.xcassets in Resources */,
				A01A715221EB5FAF00B3FCDC /* Main.storyboard in Resources */,
			);
			runOnlyForDeploymentPostprocessing = 0;
		};
/* End PBXResourcesBuildPhase section */

/* Begin PBXSourcesBuildPhase section */
		A01A714321EB5FAF00B3FCDC /* Sources */ = {
			isa = PBXSourcesBuildPhase;
			buildActionMask = 2147483647;
			files = (
				A01A716B21EB62C200B3FCDC /* MainView.m in Sources */,
				A01A716521EB618B00B3FCDC /* VCRoot.m in Sources */,
				A01A716821EB62AA00B3FCDC /* SubView.m in Sources */,
				A01A716E21EB62DE00B3FCDC /* MyWindow.m in Sources */,
				A01A717121EB62FD00B3FCDC /* MyApplication.m in Sources */,
				A01A715A21EB5FB100B3FCDC /* main.m in Sources */,
				A01A714C21EB5FAF00B3FCDC /* AppDelegate.m in Sources */,
			);
			runOnlyForDeploymentPostprocessing = 0;
		};
/* End PBXSourcesBuildPhase section */

/* Begin PBXVariantGroup section */
		A01A715021EB5FAF00B3FCDC /* Main.storyboard */ = {
			isa = PBXVariantGroup;
			children = (
				A01A715121EB5FAF00B3FCDC /* Base */,
			);
			name = Main.storyboard;
			sourceTree = "<group>";
		};
		A01A715521EB5FB100B3FCDC /* LaunchScreen.storyboard */ = {
			isa = PBXVariantGroup;
			children = (
				A01A715621EB5FB100B3FCDC /* Base */,
			);
			name = LaunchScreen.storyboard;
			sourceTree = "<group>";
		};
/* End PBXVariantGroup section */

/* Begin XCBuildConfiguration section */
		A01A715B21EB5FB100B3FCDC /* Debug */ = {
			isa = XCBuildConfiguration;
			buildSettings = {
				ALWAYS_SEARCH_USER_PATHS = NO;
				CLANG_ANALYZER_NONNULL = YES;
				CLANG_ANALYZER_NUMBER_OBJECT_CONVERSION = YES_AGGRESSIVE;
				CLANG_CXX_LANGUAGE_STANDARD = "gnu++14";
				CLANG_CXX_LIBRARY = "libc++";
				CLANG_ENABLE_MODULES = YES;
				CLANG_ENABLE_OBJC_ARC = YES;
				CLANG_ENABLE_OBJC_WEAK = YES;
				CLANG_WARN_BLOCK_CAPTURE_AUTORELEASING = YES;
				CLANG_WARN_BOOL_CONVERSION = YES;
				CLANG_WARN_COMMA = YES;
				CLANG_WARN_CONSTANT_CONVERSION = YES;
				CLANG_WARN_DEPRECATED_OBJC_IMPLEMENTATIONS = YES;
				CLANG_WARN_DIRECT_OBJC_ISA_USAGE = YES_ERROR;
				CLANG_WARN_DOCUMENTATION_COMMENTS = YES;
				CLANG_WARN_EMPTY_BODY = YES;
				CLANG_WARN_ENUM_CONVERSION = YES;
				CLANG_WARN_INFINITE_RECURSION = YES;
				CLANG_WARN_INT_CONVERSION = YES;
				CLANG_WARN_NON_LITERAL_NULL_CONVERSION = YES;
				CLANG_WARN_OBJC_IMPLICIT_RETAIN_SELF = YES;
				CLANG_WARN_OBJC_LITERAL_CONVERSION = YES;
				CLANG_WARN_OBJC_ROOT_CLASS = YES_ERROR;
				CLANG_WARN_RANGE_LOOP_ANALYSIS = YES;
				CLANG_WARN_STRICT_PROTOTYPES = YES;
				CLANG_WARN_SUSPICIOUS_MOVE = YES;
				CLANG_WARN_UNGUARDED_AVAILABILITY = YES_AGGRESSIVE;
				CLANG_WARN_UNREACHABLE_CODE = YES;
				CLANG_WARN__DUPLICATE_METHOD_MATCH = YES;
				CODE_SIGN_IDENTITY = "iPhone Developer";
				COPY_PHASE_STRIP = NO;
				DEBUG_INFORMATION_FORMAT = dwarf;
				ENABLE_STRICT_OBJC_MSGSEND = YES;
				ENABLE_TESTABILITY = YES;
				GCC_C_LANGUAGE_STANDARD = gnu11;
				GCC_DYNAMIC_NO_PIC = NO;
				GCC_NO_COMMON_BLOCKS = YES;
				GCC_OPTIMIZATION_LEVEL = 0;
				GCC_PREPROCESSOR_DEFINITIONS = (
					"DEBUG=1",
					"$(inherited)",
				);
				GCC_WARN_64_TO_32_BIT_CONVERSION = YES;
				GCC_WARN_ABOUT_RETURN_TYPE = YES_ERROR;
				GCC_WARN_UNDECLARED_SELECTOR = YES;
				GCC_WARN_UNINITIALIZED_AUTOS = YES_AGGRESSIVE;
				GCC_WARN_UNUSED_FUNCTION = YES;
				GCC_WARN_UNUSED_VARIABLE = YES;
				IPHONEOS_DEPLOYMENT_TARGET = 12.0;
				MTL_ENABLE_DEBUG_INFO = INCLUDE_SOURCE;
				MTL_FAST_MATH = YES;
				ONLY_ACTIVE_ARCH = YES;
				SDKROOT = iphoneos;
			};
			name = Debug;
		};
		A01A715C21EB5FB100B3FCDC /* Release */ = {
			isa = XCBuildConfiguration;
			buildSettings = {
				ALWAYS_SEARCH_USER_PATHS = NO;
				CLANG_ANALYZER_NONNULL = YES;
				CLANG_ANALYZER_NUMBER_OBJECT_CONVERSION = YES_AGGRESSIVE;
				CLANG_CXX_LANGUAGE_STANDARD = "gnu++14";
				CLANG_CXX_LIBRARY = "libc++";
				CLANG_ENABLE_MODULES = YES;
				CLANG_ENABLE_OBJC_ARC = YES;
				CLANG_ENABLE_OBJC_WEAK = YES;
				CLANG_WARN_BLOCK_CAPTURE_AUTORELEASING = YES;
				CLANG_WARN_BOOL_CONVERSION = YES;
				CLANG_WARN_COMMA = YES;
				CLANG_WARN_CONSTANT_CONVERSION = YES;
				CLANG_WARN_DEPRECATED_OBJC_IMPLEMENTATIONS = YES;
				CLANG_WARN_DIRECT_OBJC_ISA_USAGE = YES_ERROR;
				CLANG_WARN_DOCUMENTATION_COMMENTS = YES;
				CLANG_WARN_EMPTY_BODY = YES;
				CLANG_WARN_ENUM_CONVERSION = YES;
				CLANG_WARN_INFINITE_RECURSION = YES;
				CLANG_WARN_INT_CONVERSION = YES;
				CLANG_WARN_NON_LITERAL_NULL_CONVERSION = YES;
				CLANG_WARN_OBJC_IMPLICIT_RETAIN_SELF = YES;
				CLANG_WARN_OBJC_LITERAL_CONVERSION = YES;
				CLANG_WARN_OBJC_ROOT_CLASS = YES_ERROR;
				CLANG_WARN_RANGE_LOOP_ANALYSIS = YES;
				CLANG_WARN_STRICT_PROTOTYPES = YES;
				CLANG_WARN_SUSPICIOUS_MOVE = YES;
				CLANG_WARN_UNGUARDED_AVAILABILITY = YES_AGGRESSIVE;
				CLANG_WARN_UNREACHABLE_CODE = YES;
				CLANG_WARN__DUPLICATE_METHOD_MATCH = YES;
				CODE_SIGN_IDENTITY = "iPhone Developer";
				COPY_PHASE_STRIP = NO;
				DEBUG_INFORMATION_FORMAT = "dwarf-with-dsym";
				ENABLE_NS_ASSERTIONS = NO;
				ENABLE_STRICT_OBJC_MSGSEND = YES;
				GCC_C_LANGUAGE_STANDARD = gnu11;
				GCC_NO_COMMON_BLOCKS = YES;
				GCC_WARN_64_TO_32_BIT_CONVERSION = YES;
				GCC_WARN_ABOUT_RETURN_TYPE = YES_ERROR;
				GCC_WARN_UNDECLARED_SELECTOR = YES;
				GCC_WARN_UNINITIALIZED_AUTOS = YES_AGGRESSIVE;
				GCC_WARN_UNUSED_FUNCTION = YES;
				GCC_WARN_UNUSED_VARIABLE = YES;
				IPHONEOS_DEPLOYMENT_TARGET = 12.0;
				MTL_ENABLE_DEBUG_INFO = NO;
				MTL_FAST_MATH = YES;
				SDKROOT = iphoneos;
				VALIDATE_PRODUCT = YES;
			};
			name = Release;
		};
		A01A715E21EB5FB100B3FCDC /* Debug */ = {
			isa = XCBuildConfiguration;
			buildSettings = {
				ASSETCATALOG_COMPILER_APPICON_NAME = AppIcon;
				CODE_SIGN_STYLE = Automatic;
				INFOPLIST_FILE = "事件响应链/Info.plist";
				LD_RUNPATH_SEARCH_PATHS = (
					"$(inherited)",
					"@executable_path/Frameworks",
				);
				PRODUCT_BUNDLE_IDENTIFIER = "netease.-----";
				PRODUCT_NAME = "$(TARGET_NAME)";
				TARGETED_DEVICE_FAMILY = "1,2";
			};
			name = Debug;
		};
		A01A715F21EB5FB100B3FCDC /* Release */ = {
			isa = XCBuildConfiguration;
			buildSettings = {
				ASSETCATALOG_COMPILER_APPICON_NAME = AppIcon;
				CODE_SIGN_STYLE = Automatic;
				INFOPLIST_FILE = "事件响应链/Info.plist";
				LD_RUNPATH_SEARCH_PATHS = (
					"$(inherited)",
					"@executable_path/Frameworks",
				);
				PRODUCT_BUNDLE_IDENTIFIER = "netease.-----";
				PRODUCT_NAME = "$(TARGET_NAME)";
				TARGETED_DEVICE_FAMILY = "1,2";
			};
			name = Release;
		};
/* End XCBuildConfiguration section */

/* Begin XCConfigurationList section */
		A01A714221EB5FAF00B3FCDC /* Build configuration list for PBXProject "事件响应链" */ = {
			isa = XCConfigurationList;
			buildConfigurations = (
				A01A715B21EB5FB100B3FCDC /* Debug */,
				A01A715C21EB5FB100B3FCDC /* Release */,
			);
			defaultConfigurationIsVisible = 0;
			defaultConfigurationName = Release;
		};
		A01A715D21EB5FB100B3FCDC /* Build configuration list for PBXNativeTarget "事件响应链" */ = {
			isa = XCConfigurationList;
			buildConfigurations = (
				A01A715E21EB5FB100B3FCDC /* Debug */,
				A01A715F21EB5FB100B3FCDC /* Release */,
			);
			defaultConfigurationIsVisible = 0;
			defaultConfigurationName = Release;
		};
/* End XCConfigurationList section */
	};
	rootObject = A01A713F21EB5FAF00B3FCDC /* Project object */;
}
