// !$*UTF8*$!
{
	archiveVersion = 1;
	classes = {
	};
	objectVersion = 50;
	objects = {

/* Begin PBXBuildFile section */
		A03FAF0E21DF4CF5004E8679 /* AppDelegate.m in Sources */ = {isa = PBXBuildFile; fileRef = A03FAF0D21DF4CF5004E8679 /* AppDelegate.m */; };
		A03FAF1121DF4CF5004E8679 /* ViewController.m in Sources */ = {isa = PBXBuildFile; fileRef = A03FAF1021DF4CF5004E8679 /* ViewController.m */; };
		A03FAF1421DF4CF5004E8679 /* Main.storyboard in Resources */ = {isa = PBXBuildFile; fileRef = A03FAF1221DF4CF5004E8679 /* Main.storyboard */; };
		A03FAF1621DF4CF6004E8679 /* Assets.xcassets in Resources */ = {isa = PBXBuildFile; fileRef = A03FAF1521DF4CF6004E8679 /* Assets.xcassets */; };
		A03FAF1921DF4CF6004E8679 /* LaunchScreen.storyboard in Resources */ = {isa = PBXBuildFile; fileRef = A03FAF1721DF4CF6004E8679 /* LaunchScreen.storyboard */; };
		A03FAF1C21DF4CF6004E8679 /* main.m in Sources */ = {isa = PBXBuildFile; fileRef = A03FAF1B21DF4CF6004E8679 /* main.m */; };
/* End PBXBuildFile section */

/* Begin PBXFileReference section */
		A03FAF0921DF4CF5004E8679 /* UIView视图层级.app */ = {isa = PBXFileReference; explicitFileType = wrapper.application; includeInIndex = 0; path = "UIView视图层级.app"; sourceTree = BUILT_PRODUCTS_DIR; };
		A03FAF0C21DF4CF5004E8679 /* AppDelegate.h */ = {isa = PBXFileReference; lastKnownFileType = sourcecode.c.h; path = AppDelegate.h; sourceTree = "<group>"; };
		A03FAF0D21DF4CF5004E8679 /* AppDelegate.m */ = {isa = PBXFileReference; lastKnownFileType = sourcecode.c.objc; path = AppDelegate.m; sourceTree = "<group>"; };
		A03FAF0F21DF4CF5004E8679 /* ViewController.h */ = {isa = PBXFileReference; lastKnownFileType = sourcecode.c.h; path = ViewController.h; sourceTree = "<group>"; };
		A03FAF1021DF4CF5004E8679 /* ViewController.m */ = {isa = PBXFileReference; lastKnownFileType = sourcecode.c.objc; path = ViewController.m; sourceTree = "<group>"; };
		A03FAF1321DF4CF5004E8679 /* Base */ = {isa = PBXFileReference; lastKnownFileType = file.storyboard; name = Base; path = Base.lproj/Main.storyboard; sourceTree = "<group>"; };
		A03FAF1521DF4CF6004E8679 /* Assets.xcassets */ = {isa = PBXFileReference; lastKnownFileType = folder.assetcatalog; path = Assets.xcassets; sourceTree = "<group>"; };
		A03FAF1821DF4CF6004E8679 /* Base */ = {isa = PBXFileReference; lastKnownFileType = file.storyboard; name = Base; path = Base.lproj/LaunchScreen.storyboard; sourceTree = "<group>"; };
		A03FAF1A21DF4CF6004E8679 /* Info.plist */ = {isa = PBXFileReference; lastKnownFileType = text.plist.xml; path = Info.plist; sourceTree = "<group>"; };
		A03FAF1B21DF4CF6004E8679 /* main.m */ = {isa = PBXFileReference; lastKnownFileType = sourcecode.c.objc; path = main.m; sourceTree = "<group>"; };
/* End PBXFileReference section */

/* Begin PBXFrameworksBuildPhase section */
		A03FAF0621DF4CF5004E8679 /* Frameworks */ = {
			isa = PBXFrameworksBuildPhase;
			buildActionMask = 2147483647;
			files = (
			);
			runOnlyForDeploymentPostprocessing = 0;
		};
/* End PBXFrameworksBuildPhase section */

/* Begin PBXGroup section */
		A03FAF0021DF4CF4004E8679 = {
			isa = PBXGroup;
			children = (
				A03FAF0B21DF4CF5004E8679 /* UIView视图层级 */,
				A03FAF0A21DF4CF5004E8679 /* Products */,
			);
			sourceTree = "<group>";
		};
		A03FAF0A21DF4CF5004E8679 /* Products */ = {
			isa = PBXGroup;
			children = (
				A03FAF0921DF4CF5004E8679 /* UIView视图层级.app */,
			);
			name = Products;
			sourceTree = "<group>";
		};
		A03FAF0B21DF4CF5004E8679 /* UIView视图层级 */ = {
			isa = PBXGroup;
			children = (
				A03FAF0C21DF4CF5004E8679 /* AppDelegate.h */,
				A03FAF0D21DF4CF5004E8679 /* AppDelegate.m */,
				A03FAF0F21DF4CF5004E8679 /* ViewController.h */,
				A03FAF1021DF4CF5004E8679 /* ViewController.m */,
				A03FAF1221DF4CF5004E8679 /* Main.storyboard */,
				A03FAF1521DF4CF6004E8679 /* Assets.xcassets */,
				A03FAF1721DF4CF6004E8679 /* LaunchScreen.storyboard */,
				A03FAF1A21DF4CF6004E8679 /* Info.plist */,
				A03FAF1B21DF4CF6004E8679 /* main.m */,
			);
			path = "UIView视图层级";
			sourceTree = "<group>";
		};
/* End PBXGroup section */

/* Begin PBXNativeTarget section */
		A03FAF0821DF4CF5004E8679 /* UIView视图层级 */ = {
			isa = PBXNativeTarget;
			buildConfigurationList = A03FAF1F21DF4CF6004E8679 /* Build configuration list for PBXNativeTarget "UIView视图层级" */;
			buildPhases = (
				A03FAF0521DF4CF5004E8679 /* Sources */,
				A03FAF0621DF4CF5004E8679 /* Frameworks */,
				A03FAF0721DF4CF5004E8679 /* Resources */,
			);
			buildRules = (
			);
			dependencies = (
			);
			name = "UIView视图层级";
			productName = "UIView视图层级";
			productReference = A03FAF0921DF4CF5004E8679 /* UIView视图层级.app */;
			productType = "com.apple.product-type.application";
		};
/* End PBXNativeTarget section */

/* Begin PBXProject section */
		A03FAF0121DF4CF4004E8679 /* Project object */ = {
			isa = PBXProject;
			attributes = {
				LastUpgradeCheck = 1000;
				ORGANIZATIONNAME = "赵超";
				TargetAttributes = {
					A03FAF0821DF4CF5004E8679 = {
						CreatedOnToolsVersion = 10.0;
					};
				};
			};
			buildConfigurationList = A03FAF0421DF4CF4004E8679 /* Build configuration list for PBXProject "UIView视图层级" */;
			compatibilityVersion = "Xcode 9.3";
			developmentRegion = en;
			hasScannedForEncodings = 0;
			knownRegions = (
				en,
				Base,
			);
			mainGroup = A03FAF0021DF4CF4004E8679;
			productRefGroup = A03FAF0A21DF4CF5004E8679 /* Products */;
			projectDirPath = "";
			projectRoot = "";
			targets = (
				A03FAF0821DF4CF5004E8679 /* UIView视图层级 */,
			);
		};
/* End PBXProject section */

/* Begin PBXResourcesBuildPhase section */
		A03FAF0721DF4CF5004E8679 /* Resources */ = {
			isa = PBXResourcesBuildPhase;
			buildActionMask = 2147483647;
			files = (
				A03FAF1921DF4CF6004E8679 /* LaunchScreen.storyboard in Resources */,
				A03FAF1621DF4CF6004E8679 /* Assets.xcassets in Resources */,
				A03FAF1421DF4CF5004E8679 /* Main.storyboard in Resources */,
			);
			runOnlyForDeploymentPostprocessing = 0;
		};
/* End PBXResourcesBuildPhase section */

/* Begin PBXSourcesBuildPhase section */
		A03FAF0521DF4CF5004E8679 /* Sources */ = {
			isa = PBXSourcesBuildPhase;
			buildActionMask = 2147483647;
			files = (
				A03FAF1121DF4CF5004E8679 /* ViewController.m in Sources */,
				A03FAF1C21DF4CF6004E8679 /* main.m in Sources */,
				A03FAF0E21DF4CF5004E8679 /* AppDelegate.m in Sources */,
			);
			runOnlyForDeploymentPostprocessing = 0;
		};
/* End PBXSourcesBuildPhase section */

/* Begin PBXVariantGroup section */
		A03FAF1221DF4CF5004E8679 /* Main.storyboard */ = {
			isa = PBXVariantGroup;
			children = (
				A03FAF1321DF4CF5004E8679 /* Base */,
			);
			name = Main.storyboard;
			sourceTree = "<group>";
		};
		A03FAF1721DF4CF6004E8679 /* LaunchScreen.storyboard */ = {
			isa = PBXVariantGroup;
			children = (
				A03FAF1821DF4CF6004E8679 /* Base */,
			);
			name = LaunchScreen.storyboard;
			sourceTree = "<group>";
		};
/* End PBXVariantGroup section */

/* Begin XCBuildConfiguration section */
		A03FAF1D21DF4CF6004E8679 /* Debug */ = {
			isa = XCBuildConfiguration;
			buildSettings = {
				ALWAYS_SEARCH_USER_PATHS = NO;
				CLANG_ANALYZER_NONNULL = YES;
				CLANG_ANALYZER_NUMBER_OBJECT_CONVERSION = YES_AGGRESSIVE;
				CLANG_CXX_LANGUAGE_STANDARD = "gnu++14";
				CLANG_CXX_LIBRARY = "libc++";
				CLANG_ENABLE_MODULES = YES;
				CLANG_ENABLE_OBJC_ARC = YES;
				CLANG_ENABLE_OBJC_WEAK = YES;
				CLANG_WARN_BLOCK_CAPTURE_AUTORELEASING = YES;
				CLANG_WARN_BOOL_CONVERSION = YES;
				CLANG_WARN_COMMA = YES;
				CLANG_WARN_CONSTANT_CONVERSION = YES;
				CLANG_WARN_DEPRECATED_OBJC_IMPLEMENTATIONS = YES;
				CLANG_WARN_DIRECT_OBJC_ISA_USAGE = YES_ERROR;
				CLANG_WARN_DOCUMENTATION_COMMENTS = YES;
				CLANG_WARN_EMPTY_BODY = YES;
				CLANG_WARN_ENUM_CONVERSION = YES;
				CLANG_WARN_INFINITE_RECURSION = YES;
				CLANG_WARN_INT_CONVERSION = YES;
				CLANG_WARN_NON_LITERAL_NULL_CONVERSION = YES;
				CLANG_WARN_OBJC_IMPLICIT_RETAIN_SELF = YES;
				CLANG_WARN_OBJC_LITERAL_CONVERSION = YES;
				CLANG_WARN_OBJC_ROOT_CLASS = YES_ERROR;
				CLANG_WARN_RANGE_LOOP_ANALYSIS = YES;
				CLANG_WARN_STRICT_PROTOTYPES = YES;
				CLANG_WARN_SUSPICIOUS_MOVE = YES;
				CLANG_WARN_UNGUARDED_AVAILABILITY = YES_AGGRESSIVE;
				CLANG_WARN_UNREACHABLE_CODE = YES;
				CLANG_WARN__DUPLICATE_METHOD_MATCH = YES;
				CODE_SIGN_IDENTITY = "iPhone Developer";
				COPY_PHASE_STRIP = NO;
				DEBUG_INFORMATION_FORMAT = dwarf;
				ENABLE_STRICT_OBJC_MSGSEND = YES;
				ENABLE_TESTABILITY = YES;
				GCC_C_LANGUAGE_STANDARD = gnu11;
				GCC_DYNAMIC_NO_PIC = NO;
				GCC_NO_COMMON_BLOCKS = YES;
				GCC_OPTIMIZATION_LEVEL = 0;
				GCC_PREPROCESSOR_DEFINITIONS = (
					"DEBUG=1",
					"$(inherited)",
				);
				GCC_WARN_64_TO_32_BIT_CONVERSION = YES;
				GCC_WARN_ABOUT_RETURN_TYPE = YES_ERROR;
				GCC_WARN_UNDECLARED_SELECTOR = YES;
				GCC_WARN_UNINITIALIZED_AUTOS = YES_AGGRESSIVE;
				GCC_WARN_UNUSED_FUNCTION = YES;
				GCC_WARN_UNUSED_VARIABLE = YES;
				IPHONEOS_DEPLOYMENT_TARGET = 12.0;
				MTL_ENABLE_DEBUG_INFO = INCLUDE_SOURCE;
				MTL_FAST_MATH = YES;
				ONLY_ACTIVE_ARCH = YES;
				SDKROOT = iphoneos;
			};
			name = Debug;
		};
		A03FAF1E21DF4CF6004E8679 /* Release */ = {
			isa = XCBuildConfiguration;
			buildSettings = {
				ALWAYS_SEARCH_USER_PATHS = NO;
				CLANG_ANALYZER_NONNULL = YES;
				CLANG_ANALYZER_NUMBER_OBJECT_CONVERSION = YES_AGGRESSIVE;
				CLANG_CXX_LANGUAGE_STANDARD = "gnu++14";
				CLANG_CXX_LIBRARY = "libc++";
				CLANG_ENABLE_MODULES = YES;
				CLANG_ENABLE_OBJC_ARC = YES;
				CLANG_ENABLE_OBJC_WEAK = YES;
				CLANG_WARN_BLOCK_CAPTURE_AUTORELEASING = YES;
				CLANG_WARN_BOOL_CONVERSION = YES;
				CLANG_WARN_COMMA = YES;
				CLANG_WARN_CONSTANT_CONVERSION = YES;
				CLANG_WARN_DEPRECATED_OBJC_IMPLEMENTATIONS = YES;
				CLANG_WARN_DIRECT_OBJC_ISA_USAGE = YES_ERROR;
				CLANG_WARN_DOCUMENTATION_COMMENTS = YES;
				CLANG_WARN_EMPTY_BODY = YES;
				CLANG_WARN_ENUM_CONVERSION = YES;
				CLANG_WARN_INFINITE_RECURSION = YES;
				CLANG_WARN_INT_CONVERSION = YES;
				CLANG_WARN_NON_LITERAL_NULL_CONVERSION = YES;
				CLANG_WARN_OBJC_IMPLICIT_RETAIN_SELF = YES;
				CLANG_WARN_OBJC_LITERAL_CONVERSION = YES;
				CLANG_WARN_OBJC_ROOT_CLASS = YES_ERROR;
				CLANG_WARN_RANGE_LOOP_ANALYSIS = YES;
				CLANG_WARN_STRICT_PROTOTYPES = YES;
				CLANG_WARN_SUSPICIOUS_MOVE = YES;
				CLANG_WARN_UNGUARDED_AVAILABILITY = YES_AGGRESSIVE;
				CLANG_WARN_UNREACHABLE_CODE = YES;
				CLANG_WARN__DUPLICATE_METHOD_MATCH = YES;
				CODE_SIGN_IDENTITY = "iPhone Developer";
				COPY_PHASE_STRIP = NO;
				DEBUG_INFORMATION_FORMAT = "dwarf-with-dsym";
				ENABLE_NS_ASSERTIONS = NO;
				ENABLE_STRICT_OBJC_MSGSEND = YES;
				GCC_C_LANGUAGE_STANDARD = gnu11;
				GCC_NO_COMMON_BLOCKS = YES;
				GCC_WARN_64_TO_32_BIT_CONVERSION = YES;
				GCC_WARN_ABOUT_RETURN_TYPE = YES_ERROR;
				GCC_WARN_UNDECLARED_SELECTOR = YES;
				GCC_WARN_UNINITIALIZED_AUTOS = YES_AGGRESSIVE;
				GCC_WARN_UNUSED_FUNCTION = YES;
				GCC_WARN_UNUSED_VARIABLE = YES;
				IPHONEOS_DEPLOYMENT_TARGET = 12.0;
				MTL_ENABLE_DEBUG_INFO = NO;
				MTL_FAST_MATH = YES;
				SDKROOT = iphoneos;
				VALIDATE_PRODUCT = YES;
			};
			name = Release;
		};
		A03FAF2021DF4CF6004E8679 /* Debug */ = {
			isa = XCBuildConfiguration;
			buildSettings = {
				ASSETCATALOG_COMPILER_APPICON_NAME = AppIcon;
				CODE_SIGN_STYLE = Automatic;
				INFOPLIST_FILE = "UIView视图层级/Info.plist";
				LD_RUNPATH_SEARCH_PATHS = (
					"$(inherited)",
					"@executable_path/Frameworks",
				);
				PRODUCT_BUNDLE_IDENTIFIER = "netease.UIView----";
				PRODUCT_NAME = "$(TARGET_NAME)";
				TARGETED_DEVICE_FAMILY = "1,2";
			};
			name = Debug;
		};
		A03FAF2121DF4CF6004E8679 /* Release */ = {
			isa = XCBuildConfiguration;
			buildSettings = {
				ASSETCATALOG_COMPILER_APPICON_NAME = AppIcon;
				CODE_SIGN_STYLE = Automatic;
				INFOPLIST_FILE = "UIView视图层级/Info.plist";
				LD_RUNPATH_SEARCH_PATHS = (
					"$(inherited)",
					"@executable_path/Frameworks",
				);
				PRODUCT_BUNDLE_IDENTIFIER = "netease.UIView----";
				PRODUCT_NAME = "$(TARGET_NAME)";
				TARGETED_DEVICE_FAMILY = "1,2";
			};
			name = Release;
		};
/* End XCBuildConfiguration section */

/* Begin XCConfigurationList section */
		A03FAF0421DF4CF4004E8679 /* Build configuration list for PBXProject "UIView视图层级" */ = {
			isa = XCConfigurationList;
			buildConfigurations = (
				A03FAF1D21DF4CF6004E8679 /* Debug */,
				A03FAF1E21DF4CF6004E8679 /* Release */,
			);
			defaultConfigurationIsVisible = 0;
			defaultConfigurationName = Release;
		};
		A03FAF1F21DF4CF6004E8679 /* Build configuration list for PBXNativeTarget "UIView视图层级" */ = {
			isa = XCConfigurationList;
			buildConfigurations = (
				A03FAF2021DF4CF6004E8679 /* Debug */,
				A03FAF2121DF4CF6004E8679 /* Release */,
			);
			defaultConfigurationIsVisible = 0;
			defaultConfigurationName = Release;
		};
/* End XCConfigurationList section */
	};
	rootObject = A03FAF0121DF4CF4004E8679 /* Project object */;
}
