// !$*UTF8*$!
{
	archiveVersion = 1;
	classes = {
	};
	objectVersion = 50;
	objects = {

/* Begin PBXBuildFile section */
		A01571CA21A45D110040DA58 /* Triangle.m in Sources */ = {isa = PBXBuildFile; fileRef = A01571C921A45D110040DA58 /* Triangle.m */; };
		A01571EE21A7A32E0040DA58 /* Shape.m in Sources */ = {isa = PBXBuildFile; fileRef = A01571ED21A7A32E0040DA58 /* Shape.m */; };
		A01D8D5521991B76009E302A /* main.m in Sources */ = {isa = PBXBuildFile; fileRef = A01D8D5421991B76009E302A /* main.m */; };
		A02E723921A148AA007DF9EC /* Student.m in Sources */ = {isa = PBXBuildFile; fileRef = A02E723821A148AA007DF9EC /* Student.m */; };
		A02E723C21A14E9C007DF9EC /* Sum.m in Sources */ = {isa = PBXBuildFile; fileRef = A02E723B21A14E9C007DF9EC /* Sum.m */; };
		A03AA54521B526B000D4F276 /* CircleExtendsShape.m in Sources */ = {isa = PBXBuildFile; fileRef = A03AA54421B526B000D4F276 /* CircleExtendsShape.m */; };
		A0B21DEB219D10FD00D7E47C /* Person.m in Sources */ = {isa = PBXBuildFile; fileRef = A0B21DEA219D10FD00D7E47C /* Person.m */; };
/* End PBXBuildFile section */

/* Begin PBXCopyFilesBuildPhase section */
		A01D8D4F21991B76009E302A /* CopyFiles */ = {
			isa = PBXCopyFilesBuildPhase;
			buildActionMask = 2147483647;
			dstPath = /usr/share/man/man1/;
			dstSubfolderSpec = 0;
			files = (
			);
			runOnlyForDeploymentPostprocessing = 1;
		};
/* End PBXCopyFilesBuildPhase section */

/* Begin PBXFileReference section */
		A01571C821A45D110040DA58 /* Triangle.h */ = {isa = PBXFileReference; lastKnownFileType = sourcecode.c.h; path = Triangle.h; sourceTree = "<group>"; };
		A01571C921A45D110040DA58 /* Triangle.m */ = {isa = PBXFileReference; lastKnownFileType = sourcecode.c.objc; path = Triangle.m; sourceTree = "<group>"; };
		A01571EC21A7A32E0040DA58 /* Shape.h */ = {isa = PBXFileReference; lastKnownFileType = sourcecode.c.h; path = Shape.h; sourceTree = "<group>"; };
		A01571ED21A7A32E0040DA58 /* Shape.m */ = {isa = PBXFileReference; lastKnownFileType = sourcecode.c.objc; path = Shape.m; sourceTree = "<group>"; };
		A01D8D5121991B76009E302A /* OcTest */ = {isa = PBXFileReference; explicitFileType = "compiled.mach-o.executable"; includeInIndex = 0; path = OcTest; sourceTree = BUILT_PRODUCTS_DIR; };
		A01D8D5421991B76009E302A /* main.m */ = {isa = PBXFileReference; lastKnownFileType = sourcecode.c.objc; path = main.m; sourceTree = "<group>"; };
		A02E723721A148AA007DF9EC /* Student.h */ = {isa = PBXFileReference; lastKnownFileType = sourcecode.c.h; path = Student.h; sourceTree = "<group>"; };
		A02E723821A148AA007DF9EC /* Student.m */ = {isa = PBXFileReference; lastKnownFileType = sourcecode.c.objc; path = Student.m; sourceTree = "<group>"; };
		A02E723A21A14E9C007DF9EC /* Sum.h */ = {isa = PBXFileReference; lastKnownFileType = sourcecode.c.h; path = Sum.h; sourceTree = "<group>"; };
		A02E723B21A14E9C007DF9EC /* Sum.m */ = {isa = PBXFileReference; lastKnownFileType = sourcecode.c.objc; path = Sum.m; sourceTree = "<group>"; };
		A03AA54321B526B000D4F276 /* CircleExtendsShape.h */ = {isa = PBXFileReference; lastKnownFileType = sourcecode.c.h; path = CircleExtendsShape.h; sourceTree = "<group>"; };
		A03AA54421B526B000D4F276 /* CircleExtendsShape.m */ = {isa = PBXFileReference; lastKnownFileType = sourcecode.c.objc; path = CircleExtendsShape.m; sourceTree = "<group>"; };
		A0B21DE9219D10FD00D7E47C /* Person.h */ = {isa = PBXFileReference; lastKnownFileType = sourcecode.c.h; path = Person.h; sourceTree = "<group>"; };
		A0B21DEA219D10FD00D7E47C /* Person.m */ = {isa = PBXFileReference; lastKnownFileType = sourcecode.c.objc; path = Person.m; sourceTree = "<group>"; };
/* End PBXFileReference section */

/* Begin PBXFrameworksBuildPhase section */
		A01D8D4E21991B76009E302A /* Frameworks */ = {
			isa = PBXFrameworksBuildPhase;
			buildActionMask = 2147483647;
			files = (
			);
			runOnlyForDeploymentPostprocessing = 0;
		};
/* End PBXFrameworksBuildPhase section */

/* Begin PBXGroup section */
		A01D8D4821991B76009E302A = {
			isa = PBXGroup;
			children = (
				A01D8D5321991B76009E302A /* OcTest */,
				A01D8D5221991B76009E302A /* Products */,
			);
			sourceTree = "<group>";
		};
		A01D8D5221991B76009E302A /* Products */ = {
			isa = PBXGroup;
			children = (
				A01D8D5121991B76009E302A /* OcTest */,
			);
			name = Products;
			sourceTree = "<group>";
		};
		A01D8D5321991B76009E302A /* OcTest */ = {
			isa = PBXGroup;
			children = (
				A0B21DE8219D10E200D7E47C /* class */,
				A01D8D5421991B76009E302A /* main.m */,
			);
			path = OcTest;
			sourceTree = "<group>";
		};
		A0B21DE8219D10E200D7E47C /* class */ = {
			isa = PBXGroup;
			children = (
				A0B21DE9219D10FD00D7E47C /* Person.h */,
				A0B21DEA219D10FD00D7E47C /* Person.m */,
				A02E723721A148AA007DF9EC /* Student.h */,
				A02E723821A148AA007DF9EC /* Student.m */,
				A02E723A21A14E9C007DF9EC /* Sum.h */,
				A02E723B21A14E9C007DF9EC /* Sum.m */,
				A01571C821A45D110040DA58 /* Triangle.h */,
				A01571C921A45D110040DA58 /* Triangle.m */,
				A01571EC21A7A32E0040DA58 /* Shape.h */,
				A01571ED21A7A32E0040DA58 /* Shape.m */,
				A03AA54321B526B000D4F276 /* CircleExtendsShape.h */,
				A03AA54421B526B000D4F276 /* CircleExtendsShape.m */,
			);
			path = class;
			sourceTree = "<group>";
		};
/* End PBXGroup section */

/* Begin PBXNativeTarget section */
		A01D8D5021991B76009E302A /* OcTest */ = {
			isa = PBXNativeTarget;
			buildConfigurationList = A01D8D5821991B76009E302A /* Build configuration list for PBXNativeTarget "OcTest" */;
			buildPhases = (
				A01D8D4D21991B76009E302A /* Sources */,
				A01D8D4E21991B76009E302A /* Frameworks */,
				A01D8D4F21991B76009E302A /* CopyFiles */,
			);
			buildRules = (
			);
			dependencies = (
			);
			name = OcTest;
			productName = OcTest;
			productReference = A01D8D5121991B76009E302A /* OcTest */;
			productType = "com.apple.product-type.tool";
		};
/* End PBXNativeTarget section */

/* Begin PBXProject section */
		A01D8D4921991B76009E302A /* Project object */ = {
			isa = PBXProject;
			attributes = {
				LastUpgradeCheck = 1000;
				ORGANIZATIONNAME = "赵超";
				TargetAttributes = {
					A01D8D5021991B76009E302A = {
						CreatedOnToolsVersion = 10.0;
					};
				};
			};
			buildConfigurationList = A01D8D4C21991B76009E302A /* Build configuration list for PBXProject "OcTest" */;
			compatibilityVersion = "Xcode 9.3";
			developmentRegion = en;
			hasScannedForEncodings = 0;
			knownRegions = (
				en,
			);
			mainGroup = A01D8D4821991B76009E302A;
			productRefGroup = A01D8D5221991B76009E302A /* Products */;
			projectDirPath = "";
			projectRoot = "";
			targets = (
				A01D8D5021991B76009E302A /* OcTest */,
			);
		};
/* End PBXProject section */

/* Begin PBXSourcesBuildPhase section */
		A01D8D4D21991B76009E302A /* Sources */ = {
			isa = PBXSourcesBuildPhase;
			buildActionMask = 2147483647;
			files = (
				A01571CA21A45D110040DA58 /* Triangle.m in Sources */,
				A0B21DEB219D10FD00D7E47C /* Person.m in Sources */,
				A02E723C21A14E9C007DF9EC /* Sum.m in Sources */,
				A03AA54521B526B000D4F276 /* CircleExtendsShape.m in Sources */,
				A01571EE21A7A32E0040DA58 /* Shape.m in Sources */,
				A01D8D5521991B76009E302A /* main.m in Sources */,
				A02E723921A148AA007DF9EC /* Student.m in Sources */,
			);
			runOnlyForDeploymentPostprocessing = 0;
		};
/* End PBXSourcesBuildPhase section */

/* Begin XCBuildConfiguration section */
		A01D8D5621991B76009E302A /* Debug */ = {
			isa = XCBuildConfiguration;
			buildSettings = {
				ALWAYS_SEARCH_USER_PATHS = NO;
				CLANG_ANALYZER_NONNULL = YES;
				CLANG_ANALYZER_NUMBER_OBJECT_CONVERSION = YES_AGGRESSIVE;
				CLANG_CXX_LANGUAGE_STANDARD = "gnu++14";
				CLANG_CXX_LIBRARY = "libc++";
				CLANG_ENABLE_MODULES = YES;
				CLANG_ENABLE_OBJC_ARC = YES;
				CLANG_ENABLE_OBJC_WEAK = YES;
				CLANG_WARN_BLOCK_CAPTURE_AUTORELEASING = YES;
				CLANG_WARN_BOOL_CONVERSION = YES;
				CLANG_WARN_COMMA = YES;
				CLANG_WARN_CONSTANT_CONVERSION = YES;
				CLANG_WARN_DEPRECATED_OBJC_IMPLEMENTATIONS = YES;
				CLANG_WARN_DIRECT_OBJC_ISA_USAGE = YES_ERROR;
				CLANG_WARN_DOCUMENTATION_COMMENTS = YES;
				CLANG_WARN_EMPTY_BODY = YES;
				CLANG_WARN_ENUM_CONVERSION = YES;
				CLANG_WARN_INFINITE_RECURSION = YES;
				CLANG_WARN_INT_CONVERSION = YES;
				CLANG_WARN_NON_LITERAL_NULL_CONVERSION = YES;
				CLANG_WARN_OBJC_IMPLICIT_RETAIN_SELF = YES;
				CLANG_WARN_OBJC_LITERAL_CONVERSION = YES;
				CLANG_WARN_OBJC_ROOT_CLASS = YES_ERROR;
				CLANG_WARN_RANGE_LOOP_ANALYSIS = YES;
				CLANG_WARN_STRICT_PROTOTYPES = YES;
				CLANG_WARN_SUSPICIOUS_MOVE = YES;
				CLANG_WARN_UNGUARDED_AVAILABILITY = YES_AGGRESSIVE;
				CLANG_WARN_UNREACHABLE_CODE = YES;
				CLANG_WARN__DUPLICATE_METHOD_MATCH = YES;
				CODE_SIGN_IDENTITY = "-";
				COPY_PHASE_STRIP = NO;
				DEBUG_INFORMATION_FORMAT = dwarf;
				ENABLE_STRICT_OBJC_MSGSEND = YES;
				ENABLE_TESTABILITY = YES;
				GCC_C_LANGUAGE_STANDARD = gnu11;
				GCC_DYNAMIC_NO_PIC = NO;
				GCC_NO_COMMON_BLOCKS = YES;
				GCC_OPTIMIZATION_LEVEL = 0;
				GCC_PREPROCESSOR_DEFINITIONS = (
					"DEBUG=1",
					"$(inherited)",
				);
				GCC_WARN_64_TO_32_BIT_CONVERSION = YES;
				GCC_WARN_ABOUT_RETURN_TYPE = YES_ERROR;
				GCC_WARN_UNDECLARED_SELECTOR = YES;
				GCC_WARN_UNINITIALIZED_AUTOS = YES_AGGRESSIVE;
				GCC_WARN_UNUSED_FUNCTION = YES;
				GCC_WARN_UNUSED_VARIABLE = YES;
				MACOSX_DEPLOYMENT_TARGET = 10.14;
				MTL_ENABLE_DEBUG_INFO = INCLUDE_SOURCE;
				MTL_FAST_MATH = YES;
				ONLY_ACTIVE_ARCH = YES;
				SDKROOT = macosx;
			};
			name = Debug;
		};
		A01D8D5721991B76009E302A /* Release */ = {
			isa = XCBuildConfiguration;
			buildSettings = {
				ALWAYS_SEARCH_USER_PATHS = NO;
				CLANG_ANALYZER_NONNULL = YES;
				CLANG_ANALYZER_NUMBER_OBJECT_CONVERSION = YES_AGGRESSIVE;
				CLANG_CXX_LANGUAGE_STANDARD = "gnu++14";
				CLANG_CXX_LIBRARY = "libc++";
				CLANG_ENABLE_MODULES = YES;
				CLANG_ENABLE_OBJC_ARC = YES;
				CLANG_ENABLE_OBJC_WEAK = YES;
				CLANG_WARN_BLOCK_CAPTURE_AUTORELEASING = YES;
				CLANG_WARN_BOOL_CONVERSION = YES;
				CLANG_WARN_COMMA = YES;
				CLANG_WARN_CONSTANT_CONVERSION = YES;
				CLANG_WARN_DEPRECATED_OBJC_IMPLEMENTATIONS = YES;
				CLANG_WARN_DIRECT_OBJC_ISA_USAGE = YES_ERROR;
				CLANG_WARN_DOCUMENTATION_COMMENTS = YES;
				CLANG_WARN_EMPTY_BODY = YES;
				CLANG_WARN_ENUM_CONVERSION = YES;
				CLANG_WARN_INFINITE_RECURSION = YES;
				CLANG_WARN_INT_CONVERSION = YES;
				CLANG_WARN_NON_LITERAL_NULL_CONVERSION = YES;
				CLANG_WARN_OBJC_IMPLICIT_RETAIN_SELF = YES;
				CLANG_WARN_OBJC_LITERAL_CONVERSION = YES;
				CLANG_WARN_OBJC_ROOT_CLASS = YES_ERROR;
				CLANG_WARN_RANGE_LOOP_ANALYSIS = YES;
				CLANG_WARN_STRICT_PROTOTYPES = YES;
				CLANG_WARN_SUSPICIOUS_MOVE = YES;
				CLANG_WARN_UNGUARDED_AVAILABILITY = YES_AGGRESSIVE;
				CLANG_WARN_UNREACHABLE_CODE = YES;
				CLANG_WARN__DUPLICATE_METHOD_MATCH = YES;
				CODE_SIGN_IDENTITY = "-";
				COPY_PHASE_STRIP = NO;
				DEBUG_INFORMATION_FORMAT = "dwarf-with-dsym";
				ENABLE_NS_ASSERTIONS = NO;
				ENABLE_STRICT_OBJC_MSGSEND = YES;
				GCC_C_LANGUAGE_STANDARD = gnu11;
				GCC_NO_COMMON_BLOCKS = YES;
				GCC_WARN_64_TO_32_BIT_CONVERSION = YES;
				GCC_WARN_ABOUT_RETURN_TYPE = YES_ERROR;
				GCC_WARN_UNDECLARED_SELECTOR = YES;
				GCC_WARN_UNINITIALIZED_AUTOS = YES_AGGRESSIVE;
				GCC_WARN_UNUSED_FUNCTION = YES;
				GCC_WARN_UNUSED_VARIABLE = YES;
				MACOSX_DEPLOYMENT_TARGET = 10.14;
				MTL_ENABLE_DEBUG_INFO = NO;
				MTL_FAST_MATH = YES;
				SDKROOT = macosx;
			};
			name = Release;
		};
		A01D8D5921991B76009E302A /* Debug */ = {
			isa = XCBuildConfiguration;
			buildSettings = {
				CODE_SIGN_STYLE = Automatic;
				PRODUCT_NAME = "$(TARGET_NAME)";
			};
			name = Debug;
		};
		A01D8D5A21991B76009E302A /* Release */ = {
			isa = XCBuildConfiguration;
			buildSettings = {
				CODE_SIGN_STYLE = Automatic;
				PRODUCT_NAME = "$(TARGET_NAME)";
			};
			name = Release;
		};
/* End XCBuildConfiguration section */

/* Begin XCConfigurationList section */
		A01D8D4C21991B76009E302A /* Build configuration list for PBXProject "OcTest" */ = {
			isa = XCConfigurationList;
			buildConfigurations = (
				A01D8D5621991B76009E302A /* Debug */,
				A01D8D5721991B76009E302A /* Release */,
			);
			defaultConfigurationIsVisible = 0;
			defaultConfigurationName = Release;
		};
		A01D8D5821991B76009E302A /* Build configuration list for PBXNativeTarget "OcTest" */ = {
			isa = XCConfigurationList;
			buildConfigurations = (
				A01D8D5921991B76009E302A /* Debug */,
				A01D8D5A21991B76009E302A /* Release */,
			);
			defaultConfigurationIsVisible = 0;
			defaultConfigurationName = Release;
		};
/* End XCConfigurationList section */
	};
	rootObject = A01D8D4921991B76009E302A /* Project object */;
}
