// !$*UTF8*$!
{
	archiveVersion = 1;
	classes = {
	};
	objectVersion = 50;
	objects = {

/* Begin PBXBuildFile section */
		A018883C21E746A10026AC68 /* AppDelegate.m in Sources */ = {isa = PBXBuildFile; fileRef = A018883B21E746A10026AC68 /* AppDelegate.m */; };
		A018883F21E746A10026AC68 /* ViewController.m in Sources */ = {isa = PBXBuildFile; fileRef = A018883E21E746A10026AC68 /* ViewController.m */; };
		A018884221E746A10026AC68 /* Main.storyboard in Resources */ = {isa = PBXBuildFile; fileRef = A018884021E746A10026AC68 /* Main.storyboard */; };
		A018884421E746A20026AC68 /* Assets.xcassets in Resources */ = {isa = PBXBuildFile; fileRef = A018884321E746A20026AC68 /* Assets.xcassets */; };
		A018884721E746A20026AC68 /* LaunchScreen.storyboard in Resources */ = {isa = PBXBuildFile; fileRef = A018884521E746A20026AC68 /* LaunchScreen.storyboard */; };
		A018884A21E746A20026AC68 /* main.m in Sources */ = {isa = PBXBuildFile; fileRef = A018884921E746A20026AC68 /* main.m */; };
		A018885621E74AE20026AC68 /* image4.jpg in Resources */ = {isa = PBXBuildFile; fileRef = A018885121E74AE20026AC68 /* image4.jpg */; };
		A018885721E74AE20026AC68 /* image5.jpg in Resources */ = {isa = PBXBuildFile; fileRef = A018885221E74AE20026AC68 /* image5.jpg */; };
		A018885821E74AE20026AC68 /* image1.jpg in Resources */ = {isa = PBXBuildFile; fileRef = A018885321E74AE20026AC68 /* image1.jpg */; };
		A018885921E74AE20026AC68 /* image2.jpg in Resources */ = {isa = PBXBuildFile; fileRef = A018885421E74AE20026AC68 /* image2.jpg */; };
		A018885A21E74AE20026AC68 /* image3.jpg in Resources */ = {isa = PBXBuildFile; fileRef = A018885521E74AE20026AC68 /* image3.jpg */; };
/* End PBXBuildFile section */

/* Begin PBXFileReference section */
		A018883721E746A10026AC68 /* UIScrollView.app */ = {isa = PBXFileReference; explicitFileType = wrapper.application; includeInIndex = 0; path = UIScrollView.app; sourceTree = BUILT_PRODUCTS_DIR; };
		A018883A21E746A10026AC68 /* AppDelegate.h */ = {isa = PBXFileReference; lastKnownFileType = sourcecode.c.h; path = AppDelegate.h; sourceTree = "<group>"; };
		A018883B21E746A10026AC68 /* AppDelegate.m */ = {isa = PBXFileReference; lastKnownFileType = sourcecode.c.objc; path = AppDelegate.m; sourceTree = "<group>"; };
		A018883D21E746A10026AC68 /* ViewController.h */ = {isa = PBXFileReference; lastKnownFileType = sourcecode.c.h; path = ViewController.h; sourceTree = "<group>"; };
		A018883E21E746A10026AC68 /* ViewController.m */ = {isa = PBXFileReference; lastKnownFileType = sourcecode.c.objc; path = ViewController.m; sourceTree = "<group>"; };
		A018884121E746A10026AC68 /* Base */ = {isa = PBXFileReference; lastKnownFileType = file.storyboard; name = Base; path = Base.lproj/Main.storyboard; sourceTree = "<group>"; };
		A018884321E746A20026AC68 /* Assets.xcassets */ = {isa = PBXFileReference; lastKnownFileType = folder.assetcatalog; path = Assets.xcassets; sourceTree = "<group>"; };
		A018884621E746A20026AC68 /* Base */ = {isa = PBXFileReference; lastKnownFileType = file.storyboard; name = Base; path = Base.lproj/LaunchScreen.storyboard; sourceTree = "<group>"; };
		A018884821E746A20026AC68 /* Info.plist */ = {isa = PBXFileReference; lastKnownFileType = text.plist.xml; path = Info.plist; sourceTree = "<group>"; };
		A018884921E746A20026AC68 /* main.m */ = {isa = PBXFileReference; lastKnownFileType = sourcecode.c.objc; path = main.m; sourceTree = "<group>"; };
		A018885121E74AE20026AC68 /* image4.jpg */ = {isa = PBXFileReference; lastKnownFileType = image.jpeg; path = image4.jpg; sourceTree = "<group>"; };
		A018885221E74AE20026AC68 /* image5.jpg */ = {isa = PBXFileReference; lastKnownFileType = image.jpeg; path = image5.jpg; sourceTree = "<group>"; };
		A018885321E74AE20026AC68 /* image1.jpg */ = {isa = PBXFileReference; lastKnownFileType = image.jpeg; path = image1.jpg; sourceTree = "<group>"; };
		A018885421E74AE20026AC68 /* image2.jpg */ = {isa = PBXFileReference; lastKnownFileType = image.jpeg; path = image2.jpg; sourceTree = "<group>"; };
		A018885521E74AE20026AC68 /* image3.jpg */ = {isa = PBXFileReference; lastKnownFileType = image.jpeg; path = image3.jpg; sourceTree = "<group>"; };
/* End PBXFileReference section */

/* Begin PBXFrameworksBuildPhase section */
		A018883421E746A00026AC68 /* Frameworks */ = {
			isa = PBXFrameworksBuildPhase;
			buildActionMask = 2147483647;
			files = (
			);
			runOnlyForDeploymentPostprocessing = 0;
		};
/* End PBXFrameworksBuildPhase section */

/* Begin PBXGroup section */
		A018882E21E746A00026AC68 = {
			isa = PBXGroup;
			children = (
				A018883921E746A10026AC68 /* UIScrollView */,
				A018883821E746A10026AC68 /* Products */,
			);
			sourceTree = "<group>";
		};
		A018883821E746A10026AC68 /* Products */ = {
			isa = PBXGroup;
			children = (
				A018883721E746A10026AC68 /* UIScrollView.app */,
			);
			name = Products;
			sourceTree = "<group>";
		};
		A018883921E746A10026AC68 /* UIScrollView */ = {
			isa = PBXGroup;
			children = (
				A018885021E74AE20026AC68 /* images */,
				A018883A21E746A10026AC68 /* AppDelegate.h */,
				A018883B21E746A10026AC68 /* AppDelegate.m */,
				A018883D21E746A10026AC68 /* ViewController.h */,
				A018883E21E746A10026AC68 /* ViewController.m */,
				A018884021E746A10026AC68 /* Main.storyboard */,
				A018884321E746A20026AC68 /* Assets.xcassets */,
				A018884521E746A20026AC68 /* LaunchScreen.storyboard */,
				A018884821E746A20026AC68 /* Info.plist */,
				A018884921E746A20026AC68 /* main.m */,
			);
			path = UIScrollView;
			sourceTree = "<group>";
		};
		A018885021E74AE20026AC68 /* images */ = {
			isa = PBXGroup;
			children = (
				A018885121E74AE20026AC68 /* image4.jpg */,
				A018885221E74AE20026AC68 /* image5.jpg */,
				A018885321E74AE20026AC68 /* image1.jpg */,
				A018885421E74AE20026AC68 /* image2.jpg */,
				A018885521E74AE20026AC68 /* image3.jpg */,
			);
			path = images;
			sourceTree = "<group>";
		};
/* End PBXGroup section */

/* Begin PBXNativeTarget section */
		A018883621E746A00026AC68 /* UIScrollView */ = {
			isa = PBXNativeTarget;
			buildConfigurationList = A018884D21E746A20026AC68 /* Build configuration list for PBXNativeTarget "UIScrollView" */;
			buildPhases = (
				A018883321E746A00026AC68 /* Sources */,
				A018883421E746A00026AC68 /* Frameworks */,
				A018883521E746A00026AC68 /* Resources */,
			);
			buildRules = (
			);
			dependencies = (
			);
			name = UIScrollView;
			productName = UIScrollView;
			productReference = A018883721E746A10026AC68 /* UIScrollView.app */;
			productType = "com.apple.product-type.application";
		};
/* End PBXNativeTarget section */

/* Begin PBXProject section */
		A018882F21E746A00026AC68 /* Project object */ = {
			isa = PBXProject;
			attributes = {
				LastUpgradeCheck = 1000;
				ORGANIZATIONNAME = "赵超";
				TargetAttributes = {
					A018883621E746A00026AC68 = {
						CreatedOnToolsVersion = 10.0;
					};
				};
			};
			buildConfigurationList = A018883221E746A00026AC68 /* Build configuration list for PBXProject "UIScrollView" */;
			compatibilityVersion = "Xcode 9.3";
			developmentRegion = en;
			hasScannedForEncodings = 0;
			knownRegions = (
				en,
				Base,
			);
			mainGroup = A018882E21E746A00026AC68;
			productRefGroup = A018883821E746A10026AC68 /* Products */;
			projectDirPath = "";
			projectRoot = "";
			targets = (
				A018883621E746A00026AC68 /* UIScrollView */,
			);
		};
/* End PBXProject section */

/* Begin PBXResourcesBuildPhase section */
		A018883521E746A00026AC68 /* Resources */ = {
			isa = PBXResourcesBuildPhase;
			buildActionMask = 2147483647;
			files = (
				A018885621E74AE20026AC68 /* image4.jpg in Resources */,
				A018885721E74AE20026AC68 /* image5.jpg in Resources */,
				A018884721E746A20026AC68 /* LaunchScreen.storyboard in Resources */,
				A018884421E746A20026AC68 /* Assets.xcassets in Resources */,
				A018884221E746A10026AC68 /* Main.storyboard in Resources */,
				A018885821E74AE20026AC68 /* image1.jpg in Resources */,
				A018885921E74AE20026AC68 /* image2.jpg in Resources */,
				A018885A21E74AE20026AC68 /* image3.jpg in Resources */,
			);
			runOnlyForDeploymentPostprocessing = 0;
		};
/* End PBXResourcesBuildPhase section */

/* Begin PBXSourcesBuildPhase section */
		A018883321E746A00026AC68 /* Sources */ = {
			isa = PBXSourcesBuildPhase;
			buildActionMask = 2147483647;
			files = (
				A018883F21E746A10026AC68 /* ViewController.m in Sources */,
				A018884A21E746A20026AC68 /* main.m in Sources */,
				A018883C21E746A10026AC68 /* AppDelegate.m in Sources */,
			);
			runOnlyForDeploymentPostprocessing = 0;
		};
/* End PBXSourcesBuildPhase section */

/* Begin PBXVariantGroup section */
		A018884021E746A10026AC68 /* Main.storyboard */ = {
			isa = PBXVariantGroup;
			children = (
				A018884121E746A10026AC68 /* Base */,
			);
			name = Main.storyboard;
			sourceTree = "<group>";
		};
		A018884521E746A20026AC68 /* LaunchScreen.storyboard */ = {
			isa = PBXVariantGroup;
			children = (
				A018884621E746A20026AC68 /* Base */,
			);
			name = LaunchScreen.storyboard;
			sourceTree = "<group>";
		};
/* End PBXVariantGroup section */

/* Begin XCBuildConfiguration section */
		A018884B21E746A20026AC68 /* Debug */ = {
			isa = XCBuildConfiguration;
			buildSettings = {
				ALWAYS_SEARCH_USER_PATHS = NO;
				CLANG_ANALYZER_NONNULL = YES;
				CLANG_ANALYZER_NUMBER_OBJECT_CONVERSION = YES_AGGRESSIVE;
				CLANG_CXX_LANGUAGE_STANDARD = "gnu++14";
				CLANG_CXX_LIBRARY = "libc++";
				CLANG_ENABLE_MODULES = YES;
				CLANG_ENABLE_OBJC_ARC = YES;
				CLANG_ENABLE_OBJC_WEAK = YES;
				CLANG_WARN_BLOCK_CAPTURE_AUTORELEASING = YES;
				CLANG_WARN_BOOL_CONVERSION = YES;
				CLANG_WARN_COMMA = YES;
				CLANG_WARN_CONSTANT_CONVERSION = YES;
				CLANG_WARN_DEPRECATED_OBJC_IMPLEMENTATIONS = YES;
				CLANG_WARN_DIRECT_OBJC_ISA_USAGE = YES_ERROR;
				CLANG_WARN_DOCUMENTATION_COMMENTS = YES;
				CLANG_WARN_EMPTY_BODY = YES;
				CLANG_WARN_ENUM_CONVERSION = YES;
				CLANG_WARN_INFINITE_RECURSION = YES;
				CLANG_WARN_INT_CONVERSION = YES;
				CLANG_WARN_NON_LITERAL_NULL_CONVERSION = YES;
				CLANG_WARN_OBJC_IMPLICIT_RETAIN_SELF = YES;
				CLANG_WARN_OBJC_LITERAL_CONVERSION = YES;
				CLANG_WARN_OBJC_ROOT_CLASS = YES_ERROR;
				CLANG_WARN_RANGE_LOOP_ANALYSIS = YES;
				CLANG_WARN_STRICT_PROTOTYPES = YES;
				CLANG_WARN_SUSPICIOUS_MOVE = YES;
				CLANG_WARN_UNGUARDED_AVAILABILITY = YES_AGGRESSIVE;
				CLANG_WARN_UNREACHABLE_CODE = YES;
				CLANG_WARN__DUPLICATE_METHOD_MATCH = YES;
				CODE_SIGN_IDENTITY = "iPhone Developer";
				COPY_PHASE_STRIP = NO;
				DEBUG_INFORMATION_FORMAT = dwarf;
				ENABLE_STRICT_OBJC_MSGSEND = YES;
				ENABLE_TESTABILITY = YES;
				GCC_C_LANGUAGE_STANDARD = gnu11;
				GCC_DYNAMIC_NO_PIC = NO;
				GCC_NO_COMMON_BLOCKS = YES;
				GCC_OPTIMIZATION_LEVEL = 0;
				GCC_PREPROCESSOR_DEFINITIONS = (
					"DEBUG=1",
					"$(inherited)",
				);
				GCC_WARN_64_TO_32_BIT_CONVERSION = YES;
				GCC_WARN_ABOUT_RETURN_TYPE = YES_ERROR;
				GCC_WARN_UNDECLARED_SELECTOR = YES;
				GCC_WARN_UNINITIALIZED_AUTOS = YES_AGGRESSIVE;
				GCC_WARN_UNUSED_FUNCTION = YES;
				GCC_WARN_UNUSED_VARIABLE = YES;
				IPHONEOS_DEPLOYMENT_TARGET = 12.0;
				MTL_ENABLE_DEBUG_INFO = INCLUDE_SOURCE;
				MTL_FAST_MATH = YES;
				ONLY_ACTIVE_ARCH = YES;
				SDKROOT = iphoneos;
			};
			name = Debug;
		};
		A018884C21E746A20026AC68 /* Release */ = {
			isa = XCBuildConfiguration;
			buildSettings = {
				ALWAYS_SEARCH_USER_PATHS = NO;
				CLANG_ANALYZER_NONNULL = YES;
				CLANG_ANALYZER_NUMBER_OBJECT_CONVERSION = YES_AGGRESSIVE;
				CLANG_CXX_LANGUAGE_STANDARD = "gnu++14";
				CLANG_CXX_LIBRARY = "libc++";
				CLANG_ENABLE_MODULES = YES;
				CLANG_ENABLE_OBJC_ARC = YES;
				CLANG_ENABLE_OBJC_WEAK = YES;
				CLANG_WARN_BLOCK_CAPTURE_AUTORELEASING = YES;
				CLANG_WARN_BOOL_CONVERSION = YES;
				CLANG_WARN_COMMA = YES;
				CLANG_WARN_CONSTANT_CONVERSION = YES;
				CLANG_WARN_DEPRECATED_OBJC_IMPLEMENTATIONS = YES;
				CLANG_WARN_DIRECT_OBJC_ISA_USAGE = YES_ERROR;
				CLANG_WARN_DOCUMENTATION_COMMENTS = YES;
				CLANG_WARN_EMPTY_BODY = YES;
				CLANG_WARN_ENUM_CONVERSION = YES;
				CLANG_WARN_INFINITE_RECURSION = YES;
				CLANG_WARN_INT_CONVERSION = YES;
				CLANG_WARN_NON_LITERAL_NULL_CONVERSION = YES;
				CLANG_WARN_OBJC_IMPLICIT_RETAIN_SELF = YES;
				CLANG_WARN_OBJC_LITERAL_CONVERSION = YES;
				CLANG_WARN_OBJC_ROOT_CLASS = YES_ERROR;
				CLANG_WARN_RANGE_LOOP_ANALYSIS = YES;
				CLANG_WARN_STRICT_PROTOTYPES = YES;
				CLANG_WARN_SUSPICIOUS_MOVE = YES;
				CLANG_WARN_UNGUARDED_AVAILABILITY = YES_AGGRESSIVE;
				CLANG_WARN_UNREACHABLE_CODE = YES;
				CLANG_WARN__DUPLICATE_METHOD_MATCH = YES;
				CODE_SIGN_IDENTITY = "iPhone Developer";
				COPY_PHASE_STRIP = NO;
				DEBUG_INFORMATION_FORMAT = "dwarf-with-dsym";
				ENABLE_NS_ASSERTIONS = NO;
				ENABLE_STRICT_OBJC_MSGSEND = YES;
				GCC_C_LANGUAGE_STANDARD = gnu11;
				GCC_NO_COMMON_BLOCKS = YES;
				GCC_WARN_64_TO_32_BIT_CONVERSION = YES;
				GCC_WARN_ABOUT_RETURN_TYPE = YES_ERROR;
				GCC_WARN_UNDECLARED_SELECTOR = YES;
				GCC_WARN_UNINITIALIZED_AUTOS = YES_AGGRESSIVE;
				GCC_WARN_UNUSED_FUNCTION = YES;
				GCC_WARN_UNUSED_VARIABLE = YES;
				IPHONEOS_DEPLOYMENT_TARGET = 12.0;
				MTL_ENABLE_DEBUG_INFO = NO;
				MTL_FAST_MATH = YES;
				SDKROOT = iphoneos;
				VALIDATE_PRODUCT = YES;
			};
			name = Release;
		};
		A018884E21E746A20026AC68 /* Debug */ = {
			isa = XCBuildConfiguration;
			buildSettings = {
				ASSETCATALOG_COMPILER_APPICON_NAME = AppIcon;
				CODE_SIGN_STYLE = Automatic;
				INFOPLIST_FILE = UIScrollView/Info.plist;
				LD_RUNPATH_SEARCH_PATHS = (
					"$(inherited)",
					"@executable_path/Frameworks",
				);
				PRODUCT_BUNDLE_IDENTIFIER = netease.UIScrollView;
				PRODUCT_NAME = "$(TARGET_NAME)";
				TARGETED_DEVICE_FAMILY = "1,2";
			};
			name = Debug;
		};
		A018884F21E746A20026AC68 /* Release */ = {
			isa = XCBuildConfiguration;
			buildSettings = {
				ASSETCATALOG_COMPILER_APPICON_NAME = AppIcon;
				CODE_SIGN_STYLE = Automatic;
				INFOPLIST_FILE = UIScrollView/Info.plist;
				LD_RUNPATH_SEARCH_PATHS = (
					"$(inherited)",
					"@executable_path/Frameworks",
				);
				PRODUCT_BUNDLE_IDENTIFIER = netease.UIScrollView;
				PRODUCT_NAME = "$(TARGET_NAME)";
				TARGETED_DEVICE_FAMILY = "1,2";
			};
			name = Release;
		};
/* End XCBuildConfiguration section */

/* Begin XCConfigurationList section */
		A018883221E746A00026AC68 /* Build configuration list for PBXProject "UIScrollView" */ = {
			isa = XCConfigurationList;
			buildConfigurations = (
				A018884B21E746A20026AC68 /* Debug */,
				A018884C21E746A20026AC68 /* Release */,
			);
			defaultConfigurationIsVisible = 0;
			defaultConfigurationName = Release;
		};
		A018884D21E746A20026AC68 /* Build configuration list for PBXNativeTarget "UIScrollView" */ = {
			isa = XCConfigurationList;
			buildConfigurations = (
				A018884E21E746A20026AC68 /* Debug */,
				A018884F21E746A20026AC68 /* Release */,
			);
			defaultConfigurationIsVisible = 0;
			defaultConfigurationName = Release;
		};
/* End XCConfigurationList section */
	};
	rootObject = A018882F21E746A00026AC68 /* Project object */;
}
